
Microsoft Visual Studio Solution File, Format Version 12.00
# Visual Studio Version 17
VisualStudioVersion = 17.0.31611.283
MinimumVisualStudioVersion = 10.0.40219.1
Project("{9A19103F-16F7-4668-BE54-9A1E7A4F7556}") = "CSP.MainApp", "src\CSP.MainApp\CSP.MainApp.csproj", "{1491AE9A-3DEE-44E5-8AC0-779C6C1896D9}"
EndProject
Project("{9A19103F-16F7-4668-BE54-9A1E7A4F7556}") = "CSP.Console.Server", "src\CSP.ConsoleApp\CSP.Console.Server.csproj", "{0F4DC558-17E2-4BD8-AA22-BE1FB6D8EA56}"
EndProject
Project("{2150E333-8FDC-42A3-9474-1A3956D46DE8}") = "host", "host", "{437E5E03-ADAC-47B2-BF25-11029F6A8146}"
EndProject
Project("{2150E333-8FDC-42A3-9474-1A3956D46DE8}") = "src", "src", "{333B3D03-CBEF-4445-BC36-E283BA6DCE10}"
EndProject
Project("{9A19103F-16F7-4668-BE54-9A1E7A4F7556}") = "CSP.Domain", "src\CSP.Domain\CSP.Domain.csproj", "{592662DC-A5E6-4129-99DA-9EE4330E30EC}"
EndProject
Project("{9A19103F-16F7-4668-BE54-9A1E7A4F7556}") = "CSP.Application", "src\CSP.Application\CSP.Application.csproj", "{522E36AB-A697-4E55-A940-AC864A247EE6}"
EndProject
Project("{9A19103F-16F7-4668-BE54-9A1E7A4F7556}") = "CSP.Application.Contracts", "src\CSP.Application.Contracts\CSP.Application.Contracts.csproj", "{849CCFDB-7D25-493F-AFBD-EFDB05468DDB}"
EndProject
Project("{9A19103F-16F7-4668-BE54-9A1E7A4F7556}") = "CSP.HttpApi", "src\CSP.HttpApi\CSP.HttpApi.csproj", "{08527B16-FB08-40A6-8494-D14DAB9538CC}"
EndProject
Project("{9A19103F-16F7-4668-BE54-9A1E7A4F7556}") = "CSP.EntityFrameworkCore", "src\CSP.EntityFrameworkCore\CSP.EntityFrameworkCore.csproj", "{EB4F9C4A-AF97-4EEF-97DE-582D2B18070B}"
EndProject
Project("{9A19103F-16F7-4668-BE54-9A1E7A4F7556}") = "CSP.Domain.Shared", "src\CSP.Domain.Shared\CSP.Domain.Shared.csproj", "{998BD2E3-CCA9-4380-861E-C61E04BCF2E4}"
EndProject
Project("{9A19103F-16F7-4668-BE54-9A1E7A4F7556}") = "CSP.DbMigrator", "src\CSP.DbMigrator\CSP.DbMigrator.csproj", "{767AC9F8-C44A-40AC-A964-54298345E2B7}"
EndProject
Project("{9A19103F-16F7-4668-BE54-9A1E7A4F7556}") = "CSP.Blazor", "src\CSP.Blazor\CSP.Blazor.csproj", "{A5CBCCF8-B085-418B-9ACC-53D54D9998AF}"
EndProject
Project("{2150E333-8FDC-42A3-9474-1A3956D46DE8}") = "app", "app", "{70016232-D9C2-4A6E-9DBC-C088D0C25545}"
EndProject
Project("{9A19103F-16F7-4668-BE54-9A1E7A4F7556}") = "CSP.OpenIdClient.Console", "src\CSP.OpenIdClient.Console\CSP.OpenIdClient.Console.csproj", "{2A74D7F9-D84D-4E2C-A86A-79B70FF9D3E3}"
EndProject
Global
	GlobalSection(SolutionConfigurationPlatforms) = preSolution
		Android|Any CPU = Android|Any CPU
		Android|ARM32 = Android|ARM32
		Android|ARM64 = Android|ARM64
		Android|x64 = Android|x64
		Debug|Any CPU = Debug|Any CPU
		Debug|ARM32 = Debug|ARM32
		Debug|ARM64 = Debug|ARM64
		Debug|x64 = Debug|x64
		Release|Any CPU = Release|Any CPU
		Release|ARM32 = Release|ARM32
		Release|ARM64 = Release|ARM64
		Release|x64 = Release|x64
	EndGlobalSection
	GlobalSection(ProjectConfigurationPlatforms) = postSolution
		{1491AE9A-3DEE-44E5-8AC0-779C6C1896D9}.Android|Any CPU.ActiveCfg = Android|Any CPU
		{1491AE9A-3DEE-44E5-8AC0-779C6C1896D9}.Android|Any CPU.Build.0 = Android|Any CPU
		{1491AE9A-3DEE-44E5-8AC0-779C6C1896D9}.Android|Any CPU.Deploy.0 = Android|Any CPU
		{1491AE9A-3DEE-44E5-8AC0-779C6C1896D9}.Android|ARM32.ActiveCfg = Android|Any CPU
		{1491AE9A-3DEE-44E5-8AC0-779C6C1896D9}.Android|ARM32.Build.0 = Android|Any CPU
		{1491AE9A-3DEE-44E5-8AC0-779C6C1896D9}.Android|ARM32.Deploy.0 = Android|Any CPU
		{1491AE9A-3DEE-44E5-8AC0-779C6C1896D9}.Android|ARM64.ActiveCfg = Android|ARM64
		{1491AE9A-3DEE-44E5-8AC0-779C6C1896D9}.Android|ARM64.Build.0 = Android|ARM64
		{1491AE9A-3DEE-44E5-8AC0-779C6C1896D9}.Android|ARM64.Deploy.0 = Android|ARM64
		{1491AE9A-3DEE-44E5-8AC0-779C6C1896D9}.Android|x64.ActiveCfg = Android|x64
		{1491AE9A-3DEE-44E5-8AC0-779C6C1896D9}.Android|x64.Build.0 = Android|x64
		{1491AE9A-3DEE-44E5-8AC0-779C6C1896D9}.Android|x64.Deploy.0 = Android|x64
		{1491AE9A-3DEE-44E5-8AC0-779C6C1896D9}.Debug|Any CPU.ActiveCfg = Debug|Any CPU
		{1491AE9A-3DEE-44E5-8AC0-779C6C1896D9}.Debug|Any CPU.Build.0 = Debug|Any CPU
		{1491AE9A-3DEE-44E5-8AC0-779C6C1896D9}.Debug|Any CPU.Deploy.0 = Debug|Any CPU
		{1491AE9A-3DEE-44E5-8AC0-779C6C1896D9}.Debug|ARM32.ActiveCfg = Debug|Any CPU
		{1491AE9A-3DEE-44E5-8AC0-779C6C1896D9}.Debug|ARM32.Build.0 = Debug|Any CPU
		{1491AE9A-3DEE-44E5-8AC0-779C6C1896D9}.Debug|ARM32.Deploy.0 = Debug|Any CPU
		{1491AE9A-3DEE-44E5-8AC0-779C6C1896D9}.Debug|ARM64.ActiveCfg = Debug|ARM64
		{1491AE9A-3DEE-44E5-8AC0-779C6C1896D9}.Debug|ARM64.Build.0 = Debug|ARM64
		{1491AE9A-3DEE-44E5-8AC0-779C6C1896D9}.Debug|ARM64.Deploy.0 = Debug|ARM64
		{1491AE9A-3DEE-44E5-8AC0-779C6C1896D9}.Debug|x64.ActiveCfg = Debug|x64
		{1491AE9A-3DEE-44E5-8AC0-779C6C1896D9}.Debug|x64.Build.0 = Debug|x64
		{1491AE9A-3DEE-44E5-8AC0-779C6C1896D9}.Debug|x64.Deploy.0 = Debug|x64
		{1491AE9A-3DEE-44E5-8AC0-779C6C1896D9}.Release|Any CPU.ActiveCfg = Release|Any CPU
		{1491AE9A-3DEE-44E5-8AC0-779C6C1896D9}.Release|Any CPU.Build.0 = Release|Any CPU
		{1491AE9A-3DEE-44E5-8AC0-779C6C1896D9}.Release|Any CPU.Deploy.0 = Release|Any CPU
		{1491AE9A-3DEE-44E5-8AC0-779C6C1896D9}.Release|ARM32.ActiveCfg = Release|Any CPU
		{1491AE9A-3DEE-44E5-8AC0-779C6C1896D9}.Release|ARM32.Build.0 = Release|Any CPU
		{1491AE9A-3DEE-44E5-8AC0-779C6C1896D9}.Release|ARM32.Deploy.0 = Release|Any CPU
		{1491AE9A-3DEE-44E5-8AC0-779C6C1896D9}.Release|ARM64.ActiveCfg = Release|ARM64
		{1491AE9A-3DEE-44E5-8AC0-779C6C1896D9}.Release|ARM64.Build.0 = Release|ARM64
		{1491AE9A-3DEE-44E5-8AC0-779C6C1896D9}.Release|ARM64.Deploy.0 = Release|ARM64
		{1491AE9A-3DEE-44E5-8AC0-779C6C1896D9}.Release|x64.ActiveCfg = Release|x64
		{1491AE9A-3DEE-44E5-8AC0-779C6C1896D9}.Release|x64.Build.0 = Release|x64
		{1491AE9A-3DEE-44E5-8AC0-779C6C1896D9}.Release|x64.Deploy.0 = Release|x64
		{0F4DC558-17E2-4BD8-AA22-BE1FB6D8EA56}.Android|Any CPU.ActiveCfg = Android|Any CPU
		{0F4DC558-17E2-4BD8-AA22-BE1FB6D8EA56}.Android|Any CPU.Build.0 = Android|Any CPU
		{0F4DC558-17E2-4BD8-AA22-BE1FB6D8EA56}.Android|ARM32.ActiveCfg = Android|Any CPU
		{0F4DC558-17E2-4BD8-AA22-BE1FB6D8EA56}.Android|ARM32.Build.0 = Android|Any CPU
		{0F4DC558-17E2-4BD8-AA22-BE1FB6D8EA56}.Android|ARM64.ActiveCfg = Android|ARM64
		{0F4DC558-17E2-4BD8-AA22-BE1FB6D8EA56}.Android|ARM64.Build.0 = Android|ARM64
		{0F4DC558-17E2-4BD8-AA22-BE1FB6D8EA56}.Android|x64.ActiveCfg = Android|x64
		{0F4DC558-17E2-4BD8-AA22-BE1FB6D8EA56}.Android|x64.Build.0 = Android|x64
		{0F4DC558-17E2-4BD8-AA22-BE1FB6D8EA56}.Debug|Any CPU.ActiveCfg = Debug|Any CPU
		{0F4DC558-17E2-4BD8-AA22-BE1FB6D8EA56}.Debug|Any CPU.Build.0 = Debug|Any CPU
		{0F4DC558-17E2-4BD8-AA22-BE1FB6D8EA56}.Debug|ARM32.ActiveCfg = Debug|Any CPU
		{0F4DC558-17E2-4BD8-AA22-BE1FB6D8EA56}.Debug|ARM32.Build.0 = Debug|Any CPU
		{0F4DC558-17E2-4BD8-AA22-BE1FB6D8EA56}.Debug|ARM64.ActiveCfg = Debug|ARM64
		{0F4DC558-17E2-4BD8-AA22-BE1FB6D8EA56}.Debug|ARM64.Build.0 = Debug|ARM64
		{0F4DC558-17E2-4BD8-AA22-BE1FB6D8EA56}.Debug|x64.ActiveCfg = Debug|x64
		{0F4DC558-17E2-4BD8-AA22-BE1FB6D8EA56}.Debug|x64.Build.0 = Debug|x64
		{0F4DC558-17E2-4BD8-AA22-BE1FB6D8EA56}.Release|Any CPU.ActiveCfg = Release|Any CPU
		{0F4DC558-17E2-4BD8-AA22-BE1FB6D8EA56}.Release|Any CPU.Build.0 = Release|Any CPU
		{0F4DC558-17E2-4BD8-AA22-BE1FB6D8EA56}.Release|ARM32.ActiveCfg = Release|Any CPU
		{0F4DC558-17E2-4BD8-AA22-BE1FB6D8EA56}.Release|ARM32.Build.0 = Release|Any CPU
		{0F4DC558-17E2-4BD8-AA22-BE1FB6D8EA56}.Release|ARM64.ActiveCfg = Release|ARM64
		{0F4DC558-17E2-4BD8-AA22-BE1FB6D8EA56}.Release|ARM64.Build.0 = Release|ARM64
		{0F4DC558-17E2-4BD8-AA22-BE1FB6D8EA56}.Release|x64.ActiveCfg = Release|x64
		{0F4DC558-17E2-4BD8-AA22-BE1FB6D8EA56}.Release|x64.Build.0 = Release|x64
		{592662DC-A5E6-4129-99DA-9EE4330E30EC}.Android|Any CPU.ActiveCfg = Debug|Any CPU
		{592662DC-A5E6-4129-99DA-9EE4330E30EC}.Android|Any CPU.Build.0 = Debug|Any CPU
		{592662DC-A5E6-4129-99DA-9EE4330E30EC}.Android|ARM32.ActiveCfg = Debug|Any CPU
		{592662DC-A5E6-4129-99DA-9EE4330E30EC}.Android|ARM32.Build.0 = Debug|Any CPU
		{592662DC-A5E6-4129-99DA-9EE4330E30EC}.Android|ARM64.ActiveCfg = Debug|Any CPU
		{592662DC-A5E6-4129-99DA-9EE4330E30EC}.Android|ARM64.Build.0 = Debug|Any CPU
		{592662DC-A5E6-4129-99DA-9EE4330E30EC}.Android|x64.ActiveCfg = Debug|Any CPU
		{592662DC-A5E6-4129-99DA-9EE4330E30EC}.Android|x64.Build.0 = Debug|Any CPU
		{592662DC-A5E6-4129-99DA-9EE4330E30EC}.Debug|Any CPU.ActiveCfg = Debug|Any CPU
		{592662DC-A5E6-4129-99DA-9EE4330E30EC}.Debug|Any CPU.Build.0 = Debug|Any CPU
		{592662DC-A5E6-4129-99DA-9EE4330E30EC}.Debug|ARM32.ActiveCfg = Debug|Any CPU
		{592662DC-A5E6-4129-99DA-9EE4330E30EC}.Debug|ARM32.Build.0 = Debug|Any CPU
		{592662DC-A5E6-4129-99DA-9EE4330E30EC}.Debug|ARM64.ActiveCfg = Debug|Any CPU
		{592662DC-A5E6-4129-99DA-9EE4330E30EC}.Debug|ARM64.Build.0 = Debug|Any CPU
		{592662DC-A5E6-4129-99DA-9EE4330E30EC}.Debug|x64.ActiveCfg = Debug|Any CPU
		{592662DC-A5E6-4129-99DA-9EE4330E30EC}.Debug|x64.Build.0 = Debug|Any CPU
		{592662DC-A5E6-4129-99DA-9EE4330E30EC}.Release|Any CPU.ActiveCfg = Release|Any CPU
		{592662DC-A5E6-4129-99DA-9EE4330E30EC}.Release|Any CPU.Build.0 = Release|Any CPU
		{592662DC-A5E6-4129-99DA-9EE4330E30EC}.Release|ARM32.ActiveCfg = Release|Any CPU
		{592662DC-A5E6-4129-99DA-9EE4330E30EC}.Release|ARM32.Build.0 = Release|Any CPU
		{592662DC-A5E6-4129-99DA-9EE4330E30EC}.Release|ARM64.ActiveCfg = Release|Any CPU
		{592662DC-A5E6-4129-99DA-9EE4330E30EC}.Release|ARM64.Build.0 = Release|Any CPU
		{592662DC-A5E6-4129-99DA-9EE4330E30EC}.Release|x64.ActiveCfg = Release|Any CPU
		{592662DC-A5E6-4129-99DA-9EE4330E30EC}.Release|x64.Build.0 = Release|Any CPU
		{522E36AB-A697-4E55-A940-AC864A247EE6}.Android|Any CPU.ActiveCfg = Debug|Any CPU
		{522E36AB-A697-4E55-A940-AC864A247EE6}.Android|Any CPU.Build.0 = Debug|Any CPU
		{522E36AB-A697-4E55-A940-AC864A247EE6}.Android|ARM32.ActiveCfg = Debug|Any CPU
		{522E36AB-A697-4E55-A940-AC864A247EE6}.Android|ARM32.Build.0 = Debug|Any CPU
		{522E36AB-A697-4E55-A940-AC864A247EE6}.Android|ARM64.ActiveCfg = Debug|Any CPU
		{522E36AB-A697-4E55-A940-AC864A247EE6}.Android|ARM64.Build.0 = Debug|Any CPU
		{522E36AB-A697-4E55-A940-AC864A247EE6}.Android|x64.ActiveCfg = Debug|Any CPU
		{522E36AB-A697-4E55-A940-AC864A247EE6}.Android|x64.Build.0 = Debug|Any CPU
		{522E36AB-A697-4E55-A940-AC864A247EE6}.Debug|Any CPU.ActiveCfg = Debug|Any CPU
		{522E36AB-A697-4E55-A940-AC864A247EE6}.Debug|Any CPU.Build.0 = Debug|Any CPU
		{522E36AB-A697-4E55-A940-AC864A247EE6}.Debug|ARM32.ActiveCfg = Debug|Any CPU
		{522E36AB-A697-4E55-A940-AC864A247EE6}.Debug|ARM32.Build.0 = Debug|Any CPU
		{522E36AB-A697-4E55-A940-AC864A247EE6}.Debug|ARM64.ActiveCfg = Debug|Any CPU
		{522E36AB-A697-4E55-A940-AC864A247EE6}.Debug|ARM64.Build.0 = Debug|Any CPU
		{522E36AB-A697-4E55-A940-AC864A247EE6}.Debug|x64.ActiveCfg = Debug|Any CPU
		{522E36AB-A697-4E55-A940-AC864A247EE6}.Debug|x64.Build.0 = Debug|Any CPU
		{522E36AB-A697-4E55-A940-AC864A247EE6}.Release|Any CPU.ActiveCfg = Release|Any CPU
		{522E36AB-A697-4E55-A940-AC864A247EE6}.Release|Any CPU.Build.0 = Release|Any CPU
		{522E36AB-A697-4E55-A940-AC864A247EE6}.Release|ARM32.ActiveCfg = Release|Any CPU
		{522E36AB-A697-4E55-A940-AC864A247EE6}.Release|ARM32.Build.0 = Release|Any CPU
		{522E36AB-A697-4E55-A940-AC864A247EE6}.Release|ARM64.ActiveCfg = Release|Any CPU
		{522E36AB-A697-4E55-A940-AC864A247EE6}.Release|ARM64.Build.0 = Release|Any CPU
		{522E36AB-A697-4E55-A940-AC864A247EE6}.Release|x64.ActiveCfg = Release|Any CPU
		{522E36AB-A697-4E55-A940-AC864A247EE6}.Release|x64.Build.0 = Release|Any CPU
		{849CCFDB-7D25-493F-AFBD-EFDB05468DDB}.Android|Any CPU.ActiveCfg = Debug|Any CPU
		{849CCFDB-7D25-493F-AFBD-EFDB05468DDB}.Android|Any CPU.Build.0 = Debug|Any CPU
		{849CCFDB-7D25-493F-AFBD-EFDB05468DDB}.Android|ARM32.ActiveCfg = Debug|Any CPU
		{849CCFDB-7D25-493F-AFBD-EFDB05468DDB}.Android|ARM32.Build.0 = Debug|Any CPU
		{849CCFDB-7D25-493F-AFBD-EFDB05468DDB}.Android|ARM64.ActiveCfg = Debug|Any CPU
		{849CCFDB-7D25-493F-AFBD-EFDB05468DDB}.Android|ARM64.Build.0 = Debug|Any CPU
		{849CCFDB-7D25-493F-AFBD-EFDB05468DDB}.Android|x64.ActiveCfg = Debug|Any CPU
		{849CCFDB-7D25-493F-AFBD-EFDB05468DDB}.Android|x64.Build.0 = Debug|Any CPU
		{849CCFDB-7D25-493F-AFBD-EFDB05468DDB}.Debug|Any CPU.ActiveCfg = Debug|Any CPU
		{849CCFDB-7D25-493F-AFBD-EFDB05468DDB}.Debug|Any CPU.Build.0 = Debug|Any CPU
		{849CCFDB-7D25-493F-AFBD-EFDB05468DDB}.Debug|ARM32.ActiveCfg = Debug|Any CPU
		{849CCFDB-7D25-493F-AFBD-EFDB05468DDB}.Debug|ARM32.Build.0 = Debug|Any CPU
		{849CCFDB-7D25-493F-AFBD-EFDB05468DDB}.Debug|ARM64.ActiveCfg = Debug|Any CPU
		{849CCFDB-7D25-493F-AFBD-EFDB05468DDB}.Debug|ARM64.Build.0 = Debug|Any CPU
		{849CCFDB-7D25-493F-AFBD-EFDB05468DDB}.Debug|x64.ActiveCfg = Debug|Any CPU
		{849CCFDB-7D25-493F-AFBD-EFDB05468DDB}.Debug|x64.Build.0 = Debug|Any CPU
		{849CCFDB-7D25-493F-AFBD-EFDB05468DDB}.Release|Any CPU.ActiveCfg = Release|Any CPU
		{849CCFDB-7D25-493F-AFBD-EFDB05468DDB}.Release|Any CPU.Build.0 = Release|Any CPU
		{849CCFDB-7D25-493F-AFBD-EFDB05468DDB}.Release|ARM32.ActiveCfg = Release|Any CPU
		{849CCFDB-7D25-493F-AFBD-EFDB05468DDB}.Release|ARM32.Build.0 = Release|Any CPU
		{849CCFDB-7D25-493F-AFBD-EFDB05468DDB}.Release|ARM64.ActiveCfg = Release|Any CPU
		{849CCFDB-7D25-493F-AFBD-EFDB05468DDB}.Release|ARM64.Build.0 = Release|Any CPU
		{849CCFDB-7D25-493F-AFBD-EFDB05468DDB}.Release|x64.ActiveCfg = Release|Any CPU
		{849CCFDB-7D25-493F-AFBD-EFDB05468DDB}.Release|x64.Build.0 = Release|Any CPU
		{08527B16-FB08-40A6-8494-D14DAB9538CC}.Android|Any CPU.ActiveCfg = Debug|Any CPU
		{08527B16-FB08-40A6-8494-D14DAB9538CC}.Android|Any CPU.Build.0 = Debug|Any CPU
		{08527B16-FB08-40A6-8494-D14DAB9538CC}.Android|ARM32.ActiveCfg = Debug|Any CPU
		{08527B16-FB08-40A6-8494-D14DAB9538CC}.Android|ARM32.Build.0 = Debug|Any CPU
		{08527B16-FB08-40A6-8494-D14DAB9538CC}.Android|ARM64.ActiveCfg = Debug|Any CPU
		{08527B16-FB08-40A6-8494-D14DAB9538CC}.Android|ARM64.Build.0 = Debug|Any CPU
		{08527B16-FB08-40A6-8494-D14DAB9538CC}.Android|x64.ActiveCfg = Debug|Any CPU
		{08527B16-FB08-40A6-8494-D14DAB9538CC}.Android|x64.Build.0 = Debug|Any CPU
		{08527B16-FB08-40A6-8494-D14DAB9538CC}.Debug|Any CPU.ActiveCfg = Debug|Any CPU
		{08527B16-FB08-40A6-8494-D14DAB9538CC}.Debug|Any CPU.Build.0 = Debug|Any CPU
		{08527B16-FB08-40A6-8494-D14DAB9538CC}.Debug|ARM32.ActiveCfg = Debug|Any CPU
		{08527B16-FB08-40A6-8494-D14DAB9538CC}.Debug|ARM32.Build.0 = Debug|Any CPU
		{08527B16-FB08-40A6-8494-D14DAB9538CC}.Debug|ARM64.ActiveCfg = Debug|Any CPU
		{08527B16-FB08-40A6-8494-D14DAB9538CC}.Debug|ARM64.Build.0 = Debug|Any CPU
		{08527B16-FB08-40A6-8494-D14DAB9538CC}.Debug|x64.ActiveCfg = Debug|Any CPU
		{08527B16-FB08-40A6-8494-D14DAB9538CC}.Debug|x64.Build.0 = Debug|Any CPU
		{08527B16-FB08-40A6-8494-D14DAB9538CC}.Release|Any CPU.ActiveCfg = Release|Any CPU
		{08527B16-FB08-40A6-8494-D14DAB9538CC}.Release|Any CPU.Build.0 = Release|Any CPU
		{08527B16-FB08-40A6-8494-D14DAB9538CC}.Release|ARM32.ActiveCfg = Release|Any CPU
		{08527B16-FB08-40A6-8494-D14DAB9538CC}.Release|ARM32.Build.0 = Release|Any CPU
		{08527B16-FB08-40A6-8494-D14DAB9538CC}.Release|ARM64.ActiveCfg = Release|Any CPU
		{08527B16-FB08-40A6-8494-D14DAB9538CC}.Release|ARM64.Build.0 = Release|Any CPU
		{08527B16-FB08-40A6-8494-D14DAB9538CC}.Release|x64.ActiveCfg = Release|Any CPU
		{08527B16-FB08-40A6-8494-D14DAB9538CC}.Release|x64.Build.0 = Release|Any CPU
		{EB4F9C4A-AF97-4EEF-97DE-582D2B18070B}.Android|Any CPU.ActiveCfg = Debug|Any CPU
		{EB4F9C4A-AF97-4EEF-97DE-582D2B18070B}.Android|Any CPU.Build.0 = Debug|Any CPU
		{EB4F9C4A-AF97-4EEF-97DE-582D2B18070B}.Android|ARM32.ActiveCfg = Debug|Any CPU
		{EB4F9C4A-AF97-4EEF-97DE-582D2B18070B}.Android|ARM32.Build.0 = Debug|Any CPU
		{EB4F9C4A-AF97-4EEF-97DE-582D2B18070B}.Android|ARM64.ActiveCfg = Debug|Any CPU
		{EB4F9C4A-AF97-4EEF-97DE-582D2B18070B}.Android|ARM64.Build.0 = Debug|Any CPU
		{EB4F9C4A-AF97-4EEF-97DE-582D2B18070B}.Android|x64.ActiveCfg = Debug|Any CPU
		{EB4F9C4A-AF97-4EEF-97DE-582D2B18070B}.Android|x64.Build.0 = Debug|Any CPU
		{EB4F9C4A-AF97-4EEF-97DE-582D2B18070B}.Debug|Any CPU.ActiveCfg = Debug|Any CPU
		{EB4F9C4A-AF97-4EEF-97DE-582D2B18070B}.Debug|Any CPU.Build.0 = Debug|Any CPU
		{EB4F9C4A-AF97-4EEF-97DE-582D2B18070B}.Debug|ARM32.ActiveCfg = Debug|Any CPU
		{EB4F9C4A-AF97-4EEF-97DE-582D2B18070B}.Debug|ARM32.Build.0 = Debug|Any CPU
		{EB4F9C4A-AF97-4EEF-97DE-582D2B18070B}.Debug|ARM64.ActiveCfg = Debug|Any CPU
		{EB4F9C4A-AF97-4EEF-97DE-582D2B18070B}.Debug|ARM64.Build.0 = Debug|Any CPU
		{EB4F9C4A-AF97-4EEF-97DE-582D2B18070B}.Debug|x64.ActiveCfg = Debug|Any CPU
		{EB4F9C4A-AF97-4EEF-97DE-582D2B18070B}.Debug|x64.Build.0 = Debug|Any CPU
		{EB4F9C4A-AF97-4EEF-97DE-582D2B18070B}.Release|Any CPU.ActiveCfg = Release|Any CPU
		{EB4F9C4A-AF97-4EEF-97DE-582D2B18070B}.Release|Any CPU.Build.0 = Release|Any CPU
		{EB4F9C4A-AF97-4EEF-97DE-582D2B18070B}.Release|ARM32.ActiveCfg = Release|Any CPU
		{EB4F9C4A-AF97-4EEF-97DE-582D2B18070B}.Release|ARM32.Build.0 = Release|Any CPU
		{EB4F9C4A-AF97-4EEF-97DE-582D2B18070B}.Release|ARM64.ActiveCfg = Release|Any CPU
		{EB4F9C4A-AF97-4EEF-97DE-582D2B18070B}.Release|ARM64.Build.0 = Release|Any CPU
		{EB4F9C4A-AF97-4EEF-97DE-582D2B18070B}.Release|x64.ActiveCfg = Release|Any CPU
		{EB4F9C4A-AF97-4EEF-97DE-582D2B18070B}.Release|x64.Build.0 = Release|Any CPU
		{998BD2E3-CCA9-4380-861E-C61E04BCF2E4}.Android|Any CPU.ActiveCfg = Debug|Any CPU
		{998BD2E3-CCA9-4380-861E-C61E04BCF2E4}.Android|Any CPU.Build.0 = Debug|Any CPU
		{998BD2E3-CCA9-4380-861E-C61E04BCF2E4}.Android|ARM32.ActiveCfg = Debug|Any CPU
		{998BD2E3-CCA9-4380-861E-C61E04BCF2E4}.Android|ARM32.Build.0 = Debug|Any CPU
		{998BD2E3-CCA9-4380-861E-C61E04BCF2E4}.Android|ARM64.ActiveCfg = Debug|Any CPU
		{998BD2E3-CCA9-4380-861E-C61E04BCF2E4}.Android|ARM64.Build.0 = Debug|Any CPU
		{998BD2E3-CCA9-4380-861E-C61E04BCF2E4}.Android|x64.ActiveCfg = Debug|Any CPU
		{998BD2E3-CCA9-4380-861E-C61E04BCF2E4}.Android|x64.Build.0 = Debug|Any CPU
		{998BD2E3-CCA9-4380-861E-C61E04BCF2E4}.Debug|Any CPU.ActiveCfg = Debug|Any CPU
		{998BD2E3-CCA9-4380-861E-C61E04BCF2E4}.Debug|Any CPU.Build.0 = Debug|Any CPU
		{998BD2E3-CCA9-4380-861E-C61E04BCF2E4}.Debug|ARM32.ActiveCfg = Debug|Any CPU
		{998BD2E3-CCA9-4380-861E-C61E04BCF2E4}.Debug|ARM32.Build.0 = Debug|Any CPU
		{998BD2E3-CCA9-4380-861E-C61E04BCF2E4}.Debug|ARM64.ActiveCfg = Debug|Any CPU
		{998BD2E3-CCA9-4380-861E-C61E04BCF2E4}.Debug|ARM64.Build.0 = Debug|Any CPU
		{998BD2E3-CCA9-4380-861E-C61E04BCF2E4}.Debug|x64.ActiveCfg = Debug|Any CPU
		{998BD2E3-CCA9-4380-861E-C61E04BCF2E4}.Debug|x64.Build.0 = Debug|Any CPU
		{998BD2E3-CCA9-4380-861E-C61E04BCF2E4}.Release|Any CPU.ActiveCfg = Release|Any CPU
		{998BD2E3-CCA9-4380-861E-C61E04BCF2E4}.Release|Any CPU.Build.0 = Release|Any CPU
		{998BD2E3-CCA9-4380-861E-C61E04BCF2E4}.Release|ARM32.ActiveCfg = Release|Any CPU
		{998BD2E3-CCA9-4380-861E-C61E04BCF2E4}.Release|ARM32.Build.0 = Release|Any CPU
		{998BD2E3-CCA9-4380-861E-C61E04BCF2E4}.Release|ARM64.ActiveCfg = Release|Any CPU
		{998BD2E3-CCA9-4380-861E-C61E04BCF2E4}.Release|ARM64.Build.0 = Release|Any CPU
		{998BD2E3-CCA9-4380-861E-C61E04BCF2E4}.Release|x64.ActiveCfg = Release|Any CPU
		{998BD2E3-CCA9-4380-861E-C61E04BCF2E4}.Release|x64.Build.0 = Release|Any CPU
		{767AC9F8-C44A-40AC-A964-54298345E2B7}.Android|Any CPU.ActiveCfg = Debug|Any CPU
		{767AC9F8-C44A-40AC-A964-54298345E2B7}.Android|Any CPU.Build.0 = Debug|Any CPU
		{767AC9F8-C44A-40AC-A964-54298345E2B7}.Android|ARM32.ActiveCfg = Debug|Any CPU
		{767AC9F8-C44A-40AC-A964-54298345E2B7}.Android|ARM32.Build.0 = Debug|Any CPU
		{767AC9F8-C44A-40AC-A964-54298345E2B7}.Android|ARM64.ActiveCfg = Debug|Any CPU
		{767AC9F8-C44A-40AC-A964-54298345E2B7}.Android|ARM64.Build.0 = Debug|Any CPU
		{767AC9F8-C44A-40AC-A964-54298345E2B7}.Android|x64.ActiveCfg = Debug|Any CPU
		{767AC9F8-C44A-40AC-A964-54298345E2B7}.Android|x64.Build.0 = Debug|Any CPU
		{767AC9F8-C44A-40AC-A964-54298345E2B7}.Debug|Any CPU.ActiveCfg = Debug|Any CPU
		{767AC9F8-C44A-40AC-A964-54298345E2B7}.Debug|Any CPU.Build.0 = Debug|Any CPU
		{767AC9F8-C44A-40AC-A964-54298345E2B7}.Debug|ARM32.ActiveCfg = Debug|Any CPU
		{767AC9F8-C44A-40AC-A964-54298345E2B7}.Debug|ARM32.Build.0 = Debug|Any CPU
		{767AC9F8-C44A-40AC-A964-54298345E2B7}.Debug|ARM64.ActiveCfg = Debug|Any CPU
		{767AC9F8-C44A-40AC-A964-54298345E2B7}.Debug|ARM64.Build.0 = Debug|Any CPU
		{767AC9F8-C44A-40AC-A964-54298345E2B7}.Debug|x64.ActiveCfg = Debug|Any CPU
		{767AC9F8-C44A-40AC-A964-54298345E2B7}.Debug|x64.Build.0 = Debug|Any CPU
		{767AC9F8-C44A-40AC-A964-54298345E2B7}.Release|Any CPU.ActiveCfg = Release|Any CPU
		{767AC9F8-C44A-40AC-A964-54298345E2B7}.Release|Any CPU.Build.0 = Release|Any CPU
		{767AC9F8-C44A-40AC-A964-54298345E2B7}.Release|ARM32.ActiveCfg = Release|Any CPU
		{767AC9F8-C44A-40AC-A964-54298345E2B7}.Release|ARM32.Build.0 = Release|Any CPU
		{767AC9F8-C44A-40AC-A964-54298345E2B7}.Release|ARM64.ActiveCfg = Release|Any CPU
		{767AC9F8-C44A-40AC-A964-54298345E2B7}.Release|ARM64.Build.0 = Release|Any CPU
		{767AC9F8-C44A-40AC-A964-54298345E2B7}.Release|x64.ActiveCfg = Release|Any CPU
		{767AC9F8-C44A-40AC-A964-54298345E2B7}.Release|x64.Build.0 = Release|Any CPU
		{A5CBCCF8-B085-418B-9ACC-53D54D9998AF}.Android|Any CPU.ActiveCfg = Debug|Any CPU
		{A5CBCCF8-B085-418B-9ACC-53D54D9998AF}.Android|Any CPU.Build.0 = Debug|Any CPU
		{A5CBCCF8-B085-418B-9ACC-53D54D9998AF}.Android|ARM32.ActiveCfg = Debug|Any CPU
		{A5CBCCF8-B085-418B-9ACC-53D54D9998AF}.Android|ARM32.Build.0 = Debug|Any CPU
		{A5CBCCF8-B085-418B-9ACC-53D54D9998AF}.Android|ARM64.ActiveCfg = Debug|Any CPU
		{A5CBCCF8-B085-418B-9ACC-53D54D9998AF}.Android|ARM64.Build.0 = Debug|Any CPU
		{A5CBCCF8-B085-418B-9ACC-53D54D9998AF}.Android|x64.ActiveCfg = Debug|Any CPU
		{A5CBCCF8-B085-418B-9ACC-53D54D9998AF}.Android|x64.Build.0 = Debug|Any CPU
		{A5CBCCF8-B085-418B-9ACC-53D54D9998AF}.Debug|Any CPU.ActiveCfg = Debug|Any CPU
		{A5CBCCF8-B085-418B-9ACC-53D54D9998AF}.Debug|Any CPU.Build.0 = Debug|Any CPU
		{A5CBCCF8-B085-418B-9ACC-53D54D9998AF}.Debug|ARM32.ActiveCfg = Debug|Any CPU
		{A5CBCCF8-B085-418B-9ACC-53D54D9998AF}.Debug|ARM32.Build.0 = Debug|Any CPU
		{A5CBCCF8-B085-418B-9ACC-53D54D9998AF}.Debug|ARM64.ActiveCfg = Debug|Any CPU
		{A5CBCCF8-B085-418B-9ACC-53D54D9998AF}.Debug|ARM64.Build.0 = Debug|Any CPU
		{A5CBCCF8-B085-418B-9ACC-53D54D9998AF}.Debug|x64.ActiveCfg = Debug|Any CPU
		{A5CBCCF8-B085-418B-9ACC-53D54D9998AF}.Debug|x64.Build.0 = Debug|Any CPU
		{A5CBCCF8-B085-418B-9ACC-53D54D9998AF}.Release|Any CPU.ActiveCfg = Release|Any CPU
		{A5CBCCF8-B085-418B-9ACC-53D54D9998AF}.Release|Any CPU.Build.0 = Release|Any CPU
		{A5CBCCF8-B085-418B-9ACC-53D54D9998AF}.Release|ARM32.ActiveCfg = Release|Any CPU
		{A5CBCCF8-B085-418B-9ACC-53D54D9998AF}.Release|ARM32.Build.0 = Release|Any CPU
		{A5CBCCF8-B085-418B-9ACC-53D54D9998AF}.Release|ARM64.ActiveCfg = Release|Any CPU
		{A5CBCCF8-B085-418B-9ACC-53D54D9998AF}.Release|ARM64.Build.0 = Release|Any CPU
		{A5CBCCF8-B085-418B-9ACC-53D54D9998AF}.Release|x64.ActiveCfg = Release|Any CPU
		{A5CBCCF8-B085-418B-9ACC-53D54D9998AF}.Release|x64.Build.0 = Release|Any CPU
		{2A74D7F9-D84D-4E2C-A86A-79B70FF9D3E3}.Android|Any CPU.ActiveCfg = Debug|Any CPU
		{2A74D7F9-D84D-4E2C-A86A-79B70FF9D3E3}.Android|Any CPU.Build.0 = Debug|Any CPU
		{2A74D7F9-D84D-4E2C-A86A-79B70FF9D3E3}.Android|ARM32.ActiveCfg = Debug|Any CPU
		{2A74D7F9-D84D-4E2C-A86A-79B70FF9D3E3}.Android|ARM32.Build.0 = Debug|Any CPU
		{2A74D7F9-D84D-4E2C-A86A-79B70FF9D3E3}.Android|ARM64.ActiveCfg = Debug|Any CPU
		{2A74D7F9-D84D-4E2C-A86A-79B70FF9D3E3}.Android|ARM64.Build.0 = Debug|Any CPU
		{2A74D7F9-D84D-4E2C-A86A-79B70FF9D3E3}.Android|x64.ActiveCfg = Debug|Any CPU
		{2A74D7F9-D84D-4E2C-A86A-79B70FF9D3E3}.Android|x64.Build.0 = Debug|Any CPU
		{2A74D7F9-D84D-4E2C-A86A-79B70FF9D3E3}.Debug|Any CPU.ActiveCfg = Debug|Any CPU
		{2A74D7F9-D84D-4E2C-A86A-79B70FF9D3E3}.Debug|Any CPU.Build.0 = Debug|Any CPU
		{2A74D7F9-D84D-4E2C-A86A-79B70FF9D3E3}.Debug|ARM32.ActiveCfg = Debug|Any CPU
		{2A74D7F9-D84D-4E2C-A86A-79B70FF9D3E3}.Debug|ARM32.Build.0 = Debug|Any CPU
		{2A74D7F9-D84D-4E2C-A86A-79B70FF9D3E3}.Debug|ARM64.ActiveCfg = Debug|Any CPU
		{2A74D7F9-D84D-4E2C-A86A-79B70FF9D3E3}.Debug|ARM64.Build.0 = Debug|Any CPU
		{2A74D7F9-D84D-4E2C-A86A-79B70FF9D3E3}.Debug|x64.ActiveCfg = Debug|Any CPU
		{2A74D7F9-D84D-4E2C-A86A-79B70FF9D3E3}.Debug|x64.Build.0 = Debug|Any CPU
		{2A74D7F9-D84D-4E2C-A86A-79B70FF9D3E3}.Release|Any CPU.ActiveCfg = Release|Any CPU
		{2A74D7F9-D84D-4E2C-A86A-79B70FF9D3E3}.Release|Any CPU.Build.0 = Release|Any CPU
		{2A74D7F9-D84D-4E2C-A86A-79B70FF9D3E3}.Release|ARM32.ActiveCfg = Release|Any CPU
		{2A74D7F9-D84D-4E2C-A86A-79B70FF9D3E3}.Release|ARM32.Build.0 = Release|Any CPU
		{2A74D7F9-D84D-4E2C-A86A-79B70FF9D3E3}.Release|ARM64.ActiveCfg = Release|Any CPU
		{2A74D7F9-D84D-4E2C-A86A-79B70FF9D3E3}.Release|ARM64.Build.0 = Release|Any CPU
		{2A74D7F9-D84D-4E2C-A86A-79B70FF9D3E3}.Release|x64.ActiveCfg = Release|Any CPU
		{2A74D7F9-D84D-4E2C-A86A-79B70FF9D3E3}.Release|x64.Build.0 = Release|Any CPU
	EndGlobalSection
	GlobalSection(SolutionProperties) = preSolution
		HideSolutionNode = FALSE
	EndGlobalSection
	GlobalSection(NestedProjects) = preSolution
		{1491AE9A-3DEE-44E5-8AC0-779C6C1896D9} = {70016232-D9C2-4A6E-9DBC-C088D0C25545}
		{0F4DC558-17E2-4BD8-AA22-BE1FB6D8EA56} = {437E5E03-ADAC-47B2-BF25-11029F6A8146}
		{592662DC-A5E6-4129-99DA-9EE4330E30EC} = {333B3D03-CBEF-4445-BC36-E283BA6DCE10}
		{522E36AB-A697-4E55-A940-AC864A247EE6} = {333B3D03-CBEF-4445-BC36-E283BA6DCE10}
		{849CCFDB-7D25-493F-AFBD-EFDB05468DDB} = {333B3D03-CBEF-4445-BC36-E283BA6DCE10}
		{08527B16-FB08-40A6-8494-D14DAB9538CC} = {333B3D03-CBEF-4445-BC36-E283BA6DCE10}
		{EB4F9C4A-AF97-4EEF-97DE-582D2B18070B} = {333B3D03-CBEF-4445-BC36-E283BA6DCE10}
		{998BD2E3-CCA9-4380-861E-C61E04BCF2E4} = {333B3D03-CBEF-4445-BC36-E283BA6DCE10}
		{767AC9F8-C44A-40AC-A964-54298345E2B7} = {333B3D03-CBEF-4445-BC36-E283BA6DCE10}
		{A5CBCCF8-B085-418B-9ACC-53D54D9998AF} = {437E5E03-ADAC-47B2-BF25-11029F6A8146}
		{2A74D7F9-D84D-4E2C-A86A-79B70FF9D3E3} = {70016232-D9C2-4A6E-9DBC-C088D0C25545}
	EndGlobalSection
	GlobalSection(ExtensibilityGlobals) = postSolution
		SolutionGuid = {61F7FB11-1E47-470C-91E2-47F8143E1572}
	EndGlobalSection
EndGlobal
