
Microsoft Visual Studio Solution File, Format Version 12.00
# Visual Studio Version 17
VisualStudioVersion = 17.0.31611.283
MinimumVisualStudioVersion = 10.0.40219.1
Project("{2150E333-8FDC-42A3-9474-1A3956D46DE8}") = "infrastracture", "infrastracture", "{88D70326-FD7B-4F90-8CDE-D99B7819AF7E}"
EndProject
Project("{9A19103F-16F7-4668-BE54-9A1E7A4F7556}") = "CSP.WebGate", "src\CSP.WebGate\CSP.WebGate.csproj", "{C2596903-76A3-4328-8BF4-410C93639EBD}"
EndProject
Project("{9A19103F-16F7-4668-BE54-9A1E7A4F7556}") = "CSP.Core", "src\CSP.ModuleContracts\CSP.Core.csproj", "{F8C16D83-DB1C-4C93-A4B4-3401E5595C6C}"
EndProject
Project("{9A19103F-16F7-4668-BE54-9A1E7A4F7556}") = "CSP.MainApp", "src\CSP.MainApp\CSP.MainApp.csproj", "{1491AE9A-3DEE-44E5-8AC0-779C6C1896D9}"
	ProjectSection(ProjectDependencies) = postProject
		{54B93A3A-15AD-4DE7-8861-A16ACCD08F4A} = {54B93A3A-15AD-4DE7-8861-A16ACCD08F4A}
		{AAEACE12-569F-419E-87C7-11BB67C5A001} = {AAEACE12-569F-419E-87C7-11BB67C5A001}
		{B7098D07-24C4-4084-8FD2-DB174B710272} = {B7098D07-24C4-4084-8FD2-DB174B710272}
		{C2596903-76A3-4328-8BF4-410C93639EBD} = {C2596903-76A3-4328-8BF4-410C93639EBD}
	EndProjectSection
EndProject
Project("{9A19103F-16F7-4668-BE54-9A1E7A4F7556}") = "CSP.Users", "src\CSP.Users\CSP.Users.csproj", "{B7098D07-24C4-4084-8FD2-DB174B710272}"
EndProject
Project("{2150E333-8FDC-42A3-9474-1A3956D46DE8}") = "modules", "modules", "{1CB7D782-6AEB-40A5-8918-1F0D91EB12D9}"
EndProject
Project("{9A19103F-16F7-4668-BE54-9A1E7A4F7556}") = "CSP.ConsoleApp", "src\CSP.ConsoleApp\CSP.ConsoleApp.csproj", "{0F4DC558-17E2-4BD8-AA22-BE1FB6D8EA56}"
	ProjectSection(ProjectDependencies) = postProject
		{54B93A3A-15AD-4DE7-8861-A16ACCD08F4A} = {54B93A3A-15AD-4DE7-8861-A16ACCD08F4A}
		{B7098D07-24C4-4084-8FD2-DB174B710272} = {B7098D07-24C4-4084-8FD2-DB174B710272}
		{C2596903-76A3-4328-8BF4-410C93639EBD} = {C2596903-76A3-4328-8BF4-410C93639EBD}
	EndProjectSection
EndProject
Project("{2150E333-8FDC-42A3-9474-1A3956D46DE8}") = "runners", "runners", "{437E5E03-ADAC-47B2-BF25-11029F6A8146}"
EndProject
Project("{9A19103F-16F7-4668-BE54-9A1E7A4F7556}") = "CSP.Database", "src\CSP.Database\CSP.Database.csproj", "{54B93A3A-15AD-4DE7-8861-A16ACCD08F4A}"
EndProject
Project("{9A19103F-16F7-4668-BE54-9A1E7A4F7556}") = "CSP.Books", "src\CSP.Books\CSP.Books.csproj", "{79D63898-542C-4690-A54A-ABADB3547114}"
EndProject
Project("{9A19103F-16F7-4668-BE54-9A1E7A4F7556}") = "CSP.Services", "src\CSP.Services\CSP.Services.csproj", "{65A156C3-EE59-47D8-89A3-CAE035688FC5}"
EndProject
Project("{9A19103F-16F7-4668-BE54-9A1E7A4F7556}") = "CSP.MobileWebGate", "src\CSP.MobileWebGate\CSP.MobileWebGate.csproj", "{AAEACE12-569F-419E-87C7-11BB67C5A001}"
EndProject
Project("{2150E333-8FDC-42A3-9474-1A3956D46DE8}") = "src", "src", "{333B3D03-CBEF-4445-BC36-E283BA6DCE10}"
EndProject
Project("{9A19103F-16F7-4668-BE54-9A1E7A4F7556}") = "CSP.Domain", "src\CSP.Domain\CSP.Domain.csproj", "{592662DC-A5E6-4129-99DA-9EE4330E30EC}"
EndProject
Project("{9A19103F-16F7-4668-BE54-9A1E7A4F7556}") = "CSP.Application", "src\CSP.Application\CSP.Application.csproj", "{522E36AB-A697-4E55-A940-AC864A247EE6}"
EndProject
Project("{9A19103F-16F7-4668-BE54-9A1E7A4F7556}") = "CSP.Application.Contracts", "src\CSP.Application.Contracts\CSP.Application.Contracts.csproj", "{849CCFDB-7D25-493F-AFBD-EFDB05468DDB}"
EndProject
Project("{9A19103F-16F7-4668-BE54-9A1E7A4F7556}") = "CSP.Blazor", "src\CSP.Blazor\CSP.Blazor.csproj", "{E02A00AB-4292-4779-91C8-F7DE755AEBAC}"
EndProject
Project("{9A19103F-16F7-4668-BE54-9A1E7A4F7556}") = "CSP.HttpApi.Client", "src\CSP.HttpApi.Client\CSP.HttpApi.Client.csproj", "{8DD7DEED-D54A-4801-BBEB-A7B5E00D97E8}"
EndProject
Project("{9A19103F-16F7-4668-BE54-9A1E7A4F7556}") = "CSP.HttpApi", "src\CSP.HttpApi\CSP.HttpApi.csproj", "{08527B16-FB08-40A6-8494-D14DAB9538CC}"
EndProject
Project("{9A19103F-16F7-4668-BE54-9A1E7A4F7556}") = "CSP.EntityFrameworkCore", "src\CSP.EntityFrameworkCore\CSP.EntityFrameworkCore.csproj", "{EB4F9C4A-AF97-4EEF-97DE-582D2B18070B}"
EndProject
Project("{9A19103F-16F7-4668-BE54-9A1E7A4F7556}") = "CSP.Domain.Shared", "src\CSP.Domain.Shared\CSP.Domain.Shared.csproj", "{998BD2E3-CCA9-4380-861E-C61E04BCF2E4}"
EndProject
Project("{9A19103F-16F7-4668-BE54-9A1E7A4F7556}") = "CSP.DbMigrator", "src\CSP.DbMigrator\CSP.DbMigrator.csproj", "{767AC9F8-C44A-40AC-A964-54298345E2B7}"
EndProject
Project("{9A19103F-16F7-4668-BE54-9A1E7A4F7556}") = "CSP.ASPWebGate", "src\CSP.ASPWebGate\CSP.ASPWebGate.csproj", "{A943608E-0B11-474A-85A4-27A560C98B6B}"
EndProject
Project("{FAE04EC0-301F-11D3-BF4B-00C04F79EFBC}") = "CSP.WebAPI", "src\CSP.WebAPI\CSP.WebAPI.csproj", "{5AB3ADBF-EEFF-40B8-BDDB-719E9453A2FF}"
EndProject
Global
	GlobalSection(SolutionConfigurationPlatforms) = preSolution
		Android|Any CPU = Android|Any CPU
		Android|ARM32 = Android|ARM32
		Android|ARM64 = Android|ARM64
		Android|x64 = Android|x64
		Debug|Any CPU = Debug|Any CPU
		Debug|ARM32 = Debug|ARM32
		Debug|ARM64 = Debug|ARM64
		Debug|x64 = Debug|x64
		Release|Any CPU = Release|Any CPU
		Release|ARM32 = Release|ARM32
		Release|ARM64 = Release|ARM64
		Release|x64 = Release|x64
	EndGlobalSection
	GlobalSection(ProjectConfigurationPlatforms) = postSolution
		{C2596903-76A3-4328-8BF4-410C93639EBD}.Android|Any CPU.ActiveCfg = Android|Any CPU
		{C2596903-76A3-4328-8BF4-410C93639EBD}.Android|Any CPU.Build.0 = Android|Any CPU
		{C2596903-76A3-4328-8BF4-410C93639EBD}.Android|ARM32.ActiveCfg = Android|ARM32
		{C2596903-76A3-4328-8BF4-410C93639EBD}.Android|ARM32.Build.0 = Android|ARM32
		{C2596903-76A3-4328-8BF4-410C93639EBD}.Android|ARM64.ActiveCfg = Android|ARM64
		{C2596903-76A3-4328-8BF4-410C93639EBD}.Android|ARM64.Build.0 = Android|ARM64
		{C2596903-76A3-4328-8BF4-410C93639EBD}.Android|x64.ActiveCfg = Android|x64
		{C2596903-76A3-4328-8BF4-410C93639EBD}.Android|x64.Build.0 = Android|x64
		{C2596903-76A3-4328-8BF4-410C93639EBD}.Debug|Any CPU.ActiveCfg = Debug|Any CPU
		{C2596903-76A3-4328-8BF4-410C93639EBD}.Debug|Any CPU.Build.0 = Debug|Any CPU
		{C2596903-76A3-4328-8BF4-410C93639EBD}.Debug|ARM32.ActiveCfg = Debug|ARM32
		{C2596903-76A3-4328-8BF4-410C93639EBD}.Debug|ARM32.Build.0 = Debug|ARM32
		{C2596903-76A3-4328-8BF4-410C93639EBD}.Debug|ARM64.ActiveCfg = Debug|ARM64
		{C2596903-76A3-4328-8BF4-410C93639EBD}.Debug|ARM64.Build.0 = Debug|ARM64
		{C2596903-76A3-4328-8BF4-410C93639EBD}.Debug|x64.ActiveCfg = Debug|x64
		{C2596903-76A3-4328-8BF4-410C93639EBD}.Debug|x64.Build.0 = Debug|x64
		{C2596903-76A3-4328-8BF4-410C93639EBD}.Release|Any CPU.ActiveCfg = Release|Any CPU
		{C2596903-76A3-4328-8BF4-410C93639EBD}.Release|Any CPU.Build.0 = Release|Any CPU
		{C2596903-76A3-4328-8BF4-410C93639EBD}.Release|ARM32.ActiveCfg = Release|ARM32
		{C2596903-76A3-4328-8BF4-410C93639EBD}.Release|ARM32.Build.0 = Release|ARM32
		{C2596903-76A3-4328-8BF4-410C93639EBD}.Release|ARM64.ActiveCfg = Release|ARM64
		{C2596903-76A3-4328-8BF4-410C93639EBD}.Release|ARM64.Build.0 = Release|ARM64
		{C2596903-76A3-4328-8BF4-410C93639EBD}.Release|x64.ActiveCfg = Release|x64
		{C2596903-76A3-4328-8BF4-410C93639EBD}.Release|x64.Build.0 = Release|x64
		{F8C16D83-DB1C-4C93-A4B4-3401E5595C6C}.Android|Any CPU.ActiveCfg = Android|Any CPU
		{F8C16D83-DB1C-4C93-A4B4-3401E5595C6C}.Android|Any CPU.Build.0 = Android|Any CPU
		{F8C16D83-DB1C-4C93-A4B4-3401E5595C6C}.Android|ARM32.ActiveCfg = Android|Any CPU
		{F8C16D83-DB1C-4C93-A4B4-3401E5595C6C}.Android|ARM32.Build.0 = Android|Any CPU
		{F8C16D83-DB1C-4C93-A4B4-3401E5595C6C}.Android|ARM64.ActiveCfg = Android|ARM64
		{F8C16D83-DB1C-4C93-A4B4-3401E5595C6C}.Android|ARM64.Build.0 = Android|ARM64
		{F8C16D83-DB1C-4C93-A4B4-3401E5595C6C}.Android|x64.ActiveCfg = Android|x64
		{F8C16D83-DB1C-4C93-A4B4-3401E5595C6C}.Android|x64.Build.0 = Android|x64
		{F8C16D83-DB1C-4C93-A4B4-3401E5595C6C}.Debug|Any CPU.ActiveCfg = Debug|Any CPU
		{F8C16D83-DB1C-4C93-A4B4-3401E5595C6C}.Debug|Any CPU.Build.0 = Debug|Any CPU
		{F8C16D83-DB1C-4C93-A4B4-3401E5595C6C}.Debug|ARM32.ActiveCfg = Debug|Any CPU
		{F8C16D83-DB1C-4C93-A4B4-3401E5595C6C}.Debug|ARM32.Build.0 = Debug|Any CPU
		{F8C16D83-DB1C-4C93-A4B4-3401E5595C6C}.Debug|ARM64.ActiveCfg = Debug|ARM64
		{F8C16D83-DB1C-4C93-A4B4-3401E5595C6C}.Debug|ARM64.Build.0 = Debug|ARM64
		{F8C16D83-DB1C-4C93-A4B4-3401E5595C6C}.Debug|x64.ActiveCfg = Debug|x64
		{F8C16D83-DB1C-4C93-A4B4-3401E5595C6C}.Debug|x64.Build.0 = Debug|x64
		{F8C16D83-DB1C-4C93-A4B4-3401E5595C6C}.Release|Any CPU.ActiveCfg = Release|Any CPU
		{F8C16D83-DB1C-4C93-A4B4-3401E5595C6C}.Release|Any CPU.Build.0 = Release|Any CPU
		{F8C16D83-DB1C-4C93-A4B4-3401E5595C6C}.Release|ARM32.ActiveCfg = Release|Any CPU
		{F8C16D83-DB1C-4C93-A4B4-3401E5595C6C}.Release|ARM32.Build.0 = Release|Any CPU
		{F8C16D83-DB1C-4C93-A4B4-3401E5595C6C}.Release|ARM64.ActiveCfg = Release|ARM64
		{F8C16D83-DB1C-4C93-A4B4-3401E5595C6C}.Release|ARM64.Build.0 = Release|ARM64
		{F8C16D83-DB1C-4C93-A4B4-3401E5595C6C}.Release|x64.ActiveCfg = Release|x64
		{F8C16D83-DB1C-4C93-A4B4-3401E5595C6C}.Release|x64.Build.0 = Release|x64
		{1491AE9A-3DEE-44E5-8AC0-779C6C1896D9}.Android|Any CPU.ActiveCfg = Android|Any CPU
		{1491AE9A-3DEE-44E5-8AC0-779C6C1896D9}.Android|Any CPU.Build.0 = Android|Any CPU
		{1491AE9A-3DEE-44E5-8AC0-779C6C1896D9}.Android|Any CPU.Deploy.0 = Android|Any CPU
		{1491AE9A-3DEE-44E5-8AC0-779C6C1896D9}.Android|ARM32.ActiveCfg = Android|Any CPU
		{1491AE9A-3DEE-44E5-8AC0-779C6C1896D9}.Android|ARM32.Build.0 = Android|Any CPU
		{1491AE9A-3DEE-44E5-8AC0-779C6C1896D9}.Android|ARM32.Deploy.0 = Android|Any CPU
		{1491AE9A-3DEE-44E5-8AC0-779C6C1896D9}.Android|ARM64.ActiveCfg = Android|ARM64
		{1491AE9A-3DEE-44E5-8AC0-779C6C1896D9}.Android|ARM64.Build.0 = Android|ARM64
		{1491AE9A-3DEE-44E5-8AC0-779C6C1896D9}.Android|ARM64.Deploy.0 = Android|ARM64
		{1491AE9A-3DEE-44E5-8AC0-779C6C1896D9}.Android|x64.ActiveCfg = Android|x64
		{1491AE9A-3DEE-44E5-8AC0-779C6C1896D9}.Android|x64.Build.0 = Android|x64
		{1491AE9A-3DEE-44E5-8AC0-779C6C1896D9}.Android|x64.Deploy.0 = Android|x64
		{1491AE9A-3DEE-44E5-8AC0-779C6C1896D9}.Debug|Any CPU.ActiveCfg = Debug|Any CPU
		{1491AE9A-3DEE-44E5-8AC0-779C6C1896D9}.Debug|Any CPU.Build.0 = Debug|Any CPU
		{1491AE9A-3DEE-44E5-8AC0-779C6C1896D9}.Debug|Any CPU.Deploy.0 = Debug|Any CPU
		{1491AE9A-3DEE-44E5-8AC0-779C6C1896D9}.Debug|ARM32.ActiveCfg = Debug|Any CPU
		{1491AE9A-3DEE-44E5-8AC0-779C6C1896D9}.Debug|ARM32.Build.0 = Debug|Any CPU
		{1491AE9A-3DEE-44E5-8AC0-779C6C1896D9}.Debug|ARM32.Deploy.0 = Debug|Any CPU
		{1491AE9A-3DEE-44E5-8AC0-779C6C1896D9}.Debug|ARM64.ActiveCfg = Debug|ARM64
		{1491AE9A-3DEE-44E5-8AC0-779C6C1896D9}.Debug|ARM64.Build.0 = Debug|ARM64
		{1491AE9A-3DEE-44E5-8AC0-779C6C1896D9}.Debug|ARM64.Deploy.0 = Debug|ARM64
		{1491AE9A-3DEE-44E5-8AC0-779C6C1896D9}.Debug|x64.ActiveCfg = Debug|x64
		{1491AE9A-3DEE-44E5-8AC0-779C6C1896D9}.Debug|x64.Build.0 = Debug|x64
		{1491AE9A-3DEE-44E5-8AC0-779C6C1896D9}.Debug|x64.Deploy.0 = Debug|x64
		{1491AE9A-3DEE-44E5-8AC0-779C6C1896D9}.Release|Any CPU.ActiveCfg = Release|Any CPU
		{1491AE9A-3DEE-44E5-8AC0-779C6C1896D9}.Release|Any CPU.Build.0 = Release|Any CPU
		{1491AE9A-3DEE-44E5-8AC0-779C6C1896D9}.Release|Any CPU.Deploy.0 = Release|Any CPU
		{1491AE9A-3DEE-44E5-8AC0-779C6C1896D9}.Release|ARM32.ActiveCfg = Release|Any CPU
		{1491AE9A-3DEE-44E5-8AC0-779C6C1896D9}.Release|ARM32.Build.0 = Release|Any CPU
		{1491AE9A-3DEE-44E5-8AC0-779C6C1896D9}.Release|ARM32.Deploy.0 = Release|Any CPU
		{1491AE9A-3DEE-44E5-8AC0-779C6C1896D9}.Release|ARM64.ActiveCfg = Release|ARM64
		{1491AE9A-3DEE-44E5-8AC0-779C6C1896D9}.Release|ARM64.Build.0 = Release|ARM64
		{1491AE9A-3DEE-44E5-8AC0-779C6C1896D9}.Release|ARM64.Deploy.0 = Release|ARM64
		{1491AE9A-3DEE-44E5-8AC0-779C6C1896D9}.Release|x64.ActiveCfg = Release|x64
		{1491AE9A-3DEE-44E5-8AC0-779C6C1896D9}.Release|x64.Build.0 = Release|x64
		{1491AE9A-3DEE-44E5-8AC0-779C6C1896D9}.Release|x64.Deploy.0 = Release|x64
		{B7098D07-24C4-4084-8FD2-DB174B710272}.Android|Any CPU.ActiveCfg = Android|Any CPU
		{B7098D07-24C4-4084-8FD2-DB174B710272}.Android|Any CPU.Build.0 = Android|Any CPU
		{B7098D07-24C4-4084-8FD2-DB174B710272}.Android|ARM32.ActiveCfg = Android|Any CPU
		{B7098D07-24C4-4084-8FD2-DB174B710272}.Android|ARM32.Build.0 = Android|Any CPU
		{B7098D07-24C4-4084-8FD2-DB174B710272}.Android|ARM64.ActiveCfg = Android|ARM64
		{B7098D07-24C4-4084-8FD2-DB174B710272}.Android|ARM64.Build.0 = Android|ARM64
		{B7098D07-24C4-4084-8FD2-DB174B710272}.Android|x64.ActiveCfg = Android|x64
		{B7098D07-24C4-4084-8FD2-DB174B710272}.Android|x64.Build.0 = Android|x64
		{B7098D07-24C4-4084-8FD2-DB174B710272}.Debug|Any CPU.ActiveCfg = Debug|Any CPU
		{B7098D07-24C4-4084-8FD2-DB174B710272}.Debug|Any CPU.Build.0 = Debug|Any CPU
		{B7098D07-24C4-4084-8FD2-DB174B710272}.Debug|ARM32.ActiveCfg = Debug|Any CPU
		{B7098D07-24C4-4084-8FD2-DB174B710272}.Debug|ARM32.Build.0 = Debug|Any CPU
		{B7098D07-24C4-4084-8FD2-DB174B710272}.Debug|ARM64.ActiveCfg = Debug|ARM64
		{B7098D07-24C4-4084-8FD2-DB174B710272}.Debug|ARM64.Build.0 = Debug|ARM64
		{B7098D07-24C4-4084-8FD2-DB174B710272}.Debug|x64.ActiveCfg = Debug|x64
		{B7098D07-24C4-4084-8FD2-DB174B710272}.Debug|x64.Build.0 = Debug|x64
		{B7098D07-24C4-4084-8FD2-DB174B710272}.Release|Any CPU.ActiveCfg = Release|Any CPU
		{B7098D07-24C4-4084-8FD2-DB174B710272}.Release|Any CPU.Build.0 = Release|Any CPU
		{B7098D07-24C4-4084-8FD2-DB174B710272}.Release|ARM32.ActiveCfg = Release|Any CPU
		{B7098D07-24C4-4084-8FD2-DB174B710272}.Release|ARM32.Build.0 = Release|Any CPU
		{B7098D07-24C4-4084-8FD2-DB174B710272}.Release|ARM64.ActiveCfg = Release|ARM64
		{B7098D07-24C4-4084-8FD2-DB174B710272}.Release|ARM64.Build.0 = Release|ARM64
		{B7098D07-24C4-4084-8FD2-DB174B710272}.Release|x64.ActiveCfg = Release|x64
		{B7098D07-24C4-4084-8FD2-DB174B710272}.Release|x64.Build.0 = Release|x64
		{0F4DC558-17E2-4BD8-AA22-BE1FB6D8EA56}.Android|Any CPU.ActiveCfg = Android|Any CPU
		{0F4DC558-17E2-4BD8-AA22-BE1FB6D8EA56}.Android|Any CPU.Build.0 = Android|Any CPU
		{0F4DC558-17E2-4BD8-AA22-BE1FB6D8EA56}.Android|ARM32.ActiveCfg = Android|Any CPU
		{0F4DC558-17E2-4BD8-AA22-BE1FB6D8EA56}.Android|ARM32.Build.0 = Android|Any CPU
		{0F4DC558-17E2-4BD8-AA22-BE1FB6D8EA56}.Android|ARM64.ActiveCfg = Android|ARM64
		{0F4DC558-17E2-4BD8-AA22-BE1FB6D8EA56}.Android|ARM64.Build.0 = Android|ARM64
		{0F4DC558-17E2-4BD8-AA22-BE1FB6D8EA56}.Android|x64.ActiveCfg = Android|x64
		{0F4DC558-17E2-4BD8-AA22-BE1FB6D8EA56}.Android|x64.Build.0 = Android|x64
		{0F4DC558-17E2-4BD8-AA22-BE1FB6D8EA56}.Debug|Any CPU.ActiveCfg = Debug|Any CPU
		{0F4DC558-17E2-4BD8-AA22-BE1FB6D8EA56}.Debug|Any CPU.Build.0 = Debug|Any CPU
		{0F4DC558-17E2-4BD8-AA22-BE1FB6D8EA56}.Debug|ARM32.ActiveCfg = Debug|Any CPU
		{0F4DC558-17E2-4BD8-AA22-BE1FB6D8EA56}.Debug|ARM32.Build.0 = Debug|Any CPU
		{0F4DC558-17E2-4BD8-AA22-BE1FB6D8EA56}.Debug|ARM64.ActiveCfg = Debug|ARM64
		{0F4DC558-17E2-4BD8-AA22-BE1FB6D8EA56}.Debug|ARM64.Build.0 = Debug|ARM64
		{0F4DC558-17E2-4BD8-AA22-BE1FB6D8EA56}.Debug|x64.ActiveCfg = Debug|x64
		{0F4DC558-17E2-4BD8-AA22-BE1FB6D8EA56}.Debug|x64.Build.0 = Debug|x64
		{0F4DC558-17E2-4BD8-AA22-BE1FB6D8EA56}.Release|Any CPU.ActiveCfg = Release|Any CPU
		{0F4DC558-17E2-4BD8-AA22-BE1FB6D8EA56}.Release|Any CPU.Build.0 = Release|Any CPU
		{0F4DC558-17E2-4BD8-AA22-BE1FB6D8EA56}.Release|ARM32.ActiveCfg = Release|Any CPU
		{0F4DC558-17E2-4BD8-AA22-BE1FB6D8EA56}.Release|ARM32.Build.0 = Release|Any CPU
		{0F4DC558-17E2-4BD8-AA22-BE1FB6D8EA56}.Release|ARM64.ActiveCfg = Release|ARM64
		{0F4DC558-17E2-4BD8-AA22-BE1FB6D8EA56}.Release|ARM64.Build.0 = Release|ARM64
		{0F4DC558-17E2-4BD8-AA22-BE1FB6D8EA56}.Release|x64.ActiveCfg = Release|x64
		{0F4DC558-17E2-4BD8-AA22-BE1FB6D8EA56}.Release|x64.Build.0 = Release|x64
		{54B93A3A-15AD-4DE7-8861-A16ACCD08F4A}.Android|Any CPU.ActiveCfg = Debug|Any CPU
		{54B93A3A-15AD-4DE7-8861-A16ACCD08F4A}.Android|Any CPU.Build.0 = Debug|Any CPU
		{54B93A3A-15AD-4DE7-8861-A16ACCD08F4A}.Android|ARM32.ActiveCfg = Debug|Any CPU
		{54B93A3A-15AD-4DE7-8861-A16ACCD08F4A}.Android|ARM32.Build.0 = Debug|Any CPU
		{54B93A3A-15AD-4DE7-8861-A16ACCD08F4A}.Android|ARM64.ActiveCfg = Debug|Any CPU
		{54B93A3A-15AD-4DE7-8861-A16ACCD08F4A}.Android|ARM64.Build.0 = Debug|Any CPU
		{54B93A3A-15AD-4DE7-8861-A16ACCD08F4A}.Android|x64.ActiveCfg = Debug|Any CPU
		{54B93A3A-15AD-4DE7-8861-A16ACCD08F4A}.Android|x64.Build.0 = Debug|Any CPU
		{54B93A3A-15AD-4DE7-8861-A16ACCD08F4A}.Debug|Any CPU.ActiveCfg = Debug|Any CPU
		{54B93A3A-15AD-4DE7-8861-A16ACCD08F4A}.Debug|Any CPU.Build.0 = Debug|Any CPU
		{54B93A3A-15AD-4DE7-8861-A16ACCD08F4A}.Debug|ARM32.ActiveCfg = Debug|Any CPU
		{54B93A3A-15AD-4DE7-8861-A16ACCD08F4A}.Debug|ARM32.Build.0 = Debug|Any CPU
		{54B93A3A-15AD-4DE7-8861-A16ACCD08F4A}.Debug|ARM64.ActiveCfg = Debug|Any CPU
		{54B93A3A-15AD-4DE7-8861-A16ACCD08F4A}.Debug|ARM64.Build.0 = Debug|Any CPU
		{54B93A3A-15AD-4DE7-8861-A16ACCD08F4A}.Debug|x64.ActiveCfg = Debug|Any CPU
		{54B93A3A-15AD-4DE7-8861-A16ACCD08F4A}.Debug|x64.Build.0 = Debug|Any CPU
		{54B93A3A-15AD-4DE7-8861-A16ACCD08F4A}.Release|Any CPU.ActiveCfg = Release|Any CPU
		{54B93A3A-15AD-4DE7-8861-A16ACCD08F4A}.Release|Any CPU.Build.0 = Release|Any CPU
		{54B93A3A-15AD-4DE7-8861-A16ACCD08F4A}.Release|ARM32.ActiveCfg = Release|Any CPU
		{54B93A3A-15AD-4DE7-8861-A16ACCD08F4A}.Release|ARM32.Build.0 = Release|Any CPU
		{54B93A3A-15AD-4DE7-8861-A16ACCD08F4A}.Release|ARM64.ActiveCfg = Release|Any CPU
		{54B93A3A-15AD-4DE7-8861-A16ACCD08F4A}.Release|ARM64.Build.0 = Release|Any CPU
		{54B93A3A-15AD-4DE7-8861-A16ACCD08F4A}.Release|x64.ActiveCfg = Release|Any CPU
		{54B93A3A-15AD-4DE7-8861-A16ACCD08F4A}.Release|x64.Build.0 = Release|Any CPU
		{79D63898-542C-4690-A54A-ABADB3547114}.Android|Any CPU.ActiveCfg = Debug|Any CPU
		{79D63898-542C-4690-A54A-ABADB3547114}.Android|Any CPU.Build.0 = Debug|Any CPU
		{79D63898-542C-4690-A54A-ABADB3547114}.Android|ARM32.ActiveCfg = Debug|Any CPU
		{79D63898-542C-4690-A54A-ABADB3547114}.Android|ARM32.Build.0 = Debug|Any CPU
		{79D63898-542C-4690-A54A-ABADB3547114}.Android|ARM64.ActiveCfg = Debug|Any CPU
		{79D63898-542C-4690-A54A-ABADB3547114}.Android|ARM64.Build.0 = Debug|Any CPU
		{79D63898-542C-4690-A54A-ABADB3547114}.Android|x64.ActiveCfg = Debug|Any CPU
		{79D63898-542C-4690-A54A-ABADB3547114}.Android|x64.Build.0 = Debug|Any CPU
		{79D63898-542C-4690-A54A-ABADB3547114}.Debug|Any CPU.ActiveCfg = Debug|Any CPU
		{79D63898-542C-4690-A54A-ABADB3547114}.Debug|Any CPU.Build.0 = Debug|Any CPU
		{79D63898-542C-4690-A54A-ABADB3547114}.Debug|ARM32.ActiveCfg = Debug|Any CPU
		{79D63898-542C-4690-A54A-ABADB3547114}.Debug|ARM32.Build.0 = Debug|Any CPU
		{79D63898-542C-4690-A54A-ABADB3547114}.Debug|ARM64.ActiveCfg = Debug|Any CPU
		{79D63898-542C-4690-A54A-ABADB3547114}.Debug|ARM64.Build.0 = Debug|Any CPU
		{79D63898-542C-4690-A54A-ABADB3547114}.Debug|x64.ActiveCfg = Debug|Any CPU
		{79D63898-542C-4690-A54A-ABADB3547114}.Debug|x64.Build.0 = Debug|Any CPU
		{79D63898-542C-4690-A54A-ABADB3547114}.Release|Any CPU.ActiveCfg = Release|Any CPU
		{79D63898-542C-4690-A54A-ABADB3547114}.Release|Any CPU.Build.0 = Release|Any CPU
		{79D63898-542C-4690-A54A-ABADB3547114}.Release|ARM32.ActiveCfg = Release|Any CPU
		{79D63898-542C-4690-A54A-ABADB3547114}.Release|ARM32.Build.0 = Release|Any CPU
		{79D63898-542C-4690-A54A-ABADB3547114}.Release|ARM64.ActiveCfg = Release|Any CPU
		{79D63898-542C-4690-A54A-ABADB3547114}.Release|ARM64.Build.0 = Release|Any CPU
		{79D63898-542C-4690-A54A-ABADB3547114}.Release|x64.ActiveCfg = Release|Any CPU
		{79D63898-542C-4690-A54A-ABADB3547114}.Release|x64.Build.0 = Release|Any CPU
		{65A156C3-EE59-47D8-89A3-CAE035688FC5}.Android|Any CPU.ActiveCfg = Android|Any CPU
		{65A156C3-EE59-47D8-89A3-CAE035688FC5}.Android|Any CPU.Build.0 = Android|Any CPU
		{65A156C3-EE59-47D8-89A3-CAE035688FC5}.Android|ARM32.ActiveCfg = Android|Any CPU
		{65A156C3-EE59-47D8-89A3-CAE035688FC5}.Android|ARM32.Build.0 = Android|Any CPU
		{65A156C3-EE59-47D8-89A3-CAE035688FC5}.Android|ARM64.ActiveCfg = Android|ARM64
		{65A156C3-EE59-47D8-89A3-CAE035688FC5}.Android|ARM64.Build.0 = Android|ARM64
		{65A156C3-EE59-47D8-89A3-CAE035688FC5}.Android|x64.ActiveCfg = Android|x64
		{65A156C3-EE59-47D8-89A3-CAE035688FC5}.Android|x64.Build.0 = Android|x64
		{65A156C3-EE59-47D8-89A3-CAE035688FC5}.Debug|Any CPU.ActiveCfg = Debug|Any CPU
		{65A156C3-EE59-47D8-89A3-CAE035688FC5}.Debug|Any CPU.Build.0 = Debug|Any CPU
		{65A156C3-EE59-47D8-89A3-CAE035688FC5}.Debug|ARM32.ActiveCfg = Debug|Any CPU
		{65A156C3-EE59-47D8-89A3-CAE035688FC5}.Debug|ARM32.Build.0 = Debug|Any CPU
		{65A156C3-EE59-47D8-89A3-CAE035688FC5}.Debug|ARM64.ActiveCfg = Debug|ARM64
		{65A156C3-EE59-47D8-89A3-CAE035688FC5}.Debug|ARM64.Build.0 = Debug|ARM64
		{65A156C3-EE59-47D8-89A3-CAE035688FC5}.Debug|x64.ActiveCfg = Debug|x64
		{65A156C3-EE59-47D8-89A3-CAE035688FC5}.Debug|x64.Build.0 = Debug|x64
		{65A156C3-EE59-47D8-89A3-CAE035688FC5}.Release|Any CPU.ActiveCfg = Release|Any CPU
		{65A156C3-EE59-47D8-89A3-CAE035688FC5}.Release|Any CPU.Build.0 = Release|Any CPU
		{65A156C3-EE59-47D8-89A3-CAE035688FC5}.Release|ARM32.ActiveCfg = Release|Any CPU
		{65A156C3-EE59-47D8-89A3-CAE035688FC5}.Release|ARM32.Build.0 = Release|Any CPU
		{65A156C3-EE59-47D8-89A3-CAE035688FC5}.Release|ARM64.ActiveCfg = Release|ARM64
		{65A156C3-EE59-47D8-89A3-CAE035688FC5}.Release|ARM64.Build.0 = Release|ARM64
		{65A156C3-EE59-47D8-89A3-CAE035688FC5}.Release|x64.ActiveCfg = Release|x64
		{65A156C3-EE59-47D8-89A3-CAE035688FC5}.Release|x64.Build.0 = Release|x64
		{AAEACE12-569F-419E-87C7-11BB67C5A001}.Android|Any CPU.ActiveCfg = Debug|Any CPU
		{AAEACE12-569F-419E-87C7-11BB67C5A001}.Android|Any CPU.Build.0 = Debug|Any CPU
		{AAEACE12-569F-419E-87C7-11BB67C5A001}.Android|ARM32.ActiveCfg = Debug|Any CPU
		{AAEACE12-569F-419E-87C7-11BB67C5A001}.Android|ARM32.Build.0 = Debug|Any CPU
		{AAEACE12-569F-419E-87C7-11BB67C5A001}.Android|ARM64.ActiveCfg = Debug|Any CPU
		{AAEACE12-569F-419E-87C7-11BB67C5A001}.Android|ARM64.Build.0 = Debug|Any CPU
		{AAEACE12-569F-419E-87C7-11BB67C5A001}.Android|x64.ActiveCfg = Debug|Any CPU
		{AAEACE12-569F-419E-87C7-11BB67C5A001}.Android|x64.Build.0 = Debug|Any CPU
		{AAEACE12-569F-419E-87C7-11BB67C5A001}.Debug|Any CPU.ActiveCfg = Debug|Any CPU
		{AAEACE12-569F-419E-87C7-11BB67C5A001}.Debug|Any CPU.Build.0 = Debug|Any CPU
		{AAEACE12-569F-419E-87C7-11BB67C5A001}.Debug|ARM32.ActiveCfg = Debug|Any CPU
		{AAEACE12-569F-419E-87C7-11BB67C5A001}.Debug|ARM32.Build.0 = Debug|Any CPU
		{AAEACE12-569F-419E-87C7-11BB67C5A001}.Debug|ARM64.ActiveCfg = Debug|Any CPU
		{AAEACE12-569F-419E-87C7-11BB67C5A001}.Debug|ARM64.Build.0 = Debug|Any CPU
		{AAEACE12-569F-419E-87C7-11BB67C5A001}.Debug|x64.ActiveCfg = Debug|Any CPU
		{AAEACE12-569F-419E-87C7-11BB67C5A001}.Debug|x64.Build.0 = Debug|Any CPU
		{AAEACE12-569F-419E-87C7-11BB67C5A001}.Release|Any CPU.ActiveCfg = Release|Any CPU
		{AAEACE12-569F-419E-87C7-11BB67C5A001}.Release|Any CPU.Build.0 = Release|Any CPU
		{AAEACE12-569F-419E-87C7-11BB67C5A001}.Release|ARM32.ActiveCfg = Release|Any CPU
		{AAEACE12-569F-419E-87C7-11BB67C5A001}.Release|ARM32.Build.0 = Release|Any CPU
		{AAEACE12-569F-419E-87C7-11BB67C5A001}.Release|ARM64.ActiveCfg = Release|Any CPU
		{AAEACE12-569F-419E-87C7-11BB67C5A001}.Release|ARM64.Build.0 = Release|Any CPU
		{AAEACE12-569F-419E-87C7-11BB67C5A001}.Release|x64.ActiveCfg = Release|Any CPU
		{AAEACE12-569F-419E-87C7-11BB67C5A001}.Release|x64.Build.0 = Release|Any CPU
		{592662DC-A5E6-4129-99DA-9EE4330E30EC}.Android|Any CPU.ActiveCfg = Debug|Any CPU
		{592662DC-A5E6-4129-99DA-9EE4330E30EC}.Android|Any CPU.Build.0 = Debug|Any CPU
		{592662DC-A5E6-4129-99DA-9EE4330E30EC}.Android|ARM32.ActiveCfg = Debug|Any CPU
		{592662DC-A5E6-4129-99DA-9EE4330E30EC}.Android|ARM32.Build.0 = Debug|Any CPU
		{592662DC-A5E6-4129-99DA-9EE4330E30EC}.Android|ARM64.ActiveCfg = Debug|Any CPU
		{592662DC-A5E6-4129-99DA-9EE4330E30EC}.Android|ARM64.Build.0 = Debug|Any CPU
		{592662DC-A5E6-4129-99DA-9EE4330E30EC}.Android|x64.ActiveCfg = Debug|Any CPU
		{592662DC-A5E6-4129-99DA-9EE4330E30EC}.Android|x64.Build.0 = Debug|Any CPU
		{592662DC-A5E6-4129-99DA-9EE4330E30EC}.Debug|Any CPU.ActiveCfg = Debug|Any CPU
		{592662DC-A5E6-4129-99DA-9EE4330E30EC}.Debug|Any CPU.Build.0 = Debug|Any CPU
		{592662DC-A5E6-4129-99DA-9EE4330E30EC}.Debug|ARM32.ActiveCfg = Debug|Any CPU
		{592662DC-A5E6-4129-99DA-9EE4330E30EC}.Debug|ARM32.Build.0 = Debug|Any CPU
		{592662DC-A5E6-4129-99DA-9EE4330E30EC}.Debug|ARM64.ActiveCfg = Debug|Any CPU
		{592662DC-A5E6-4129-99DA-9EE4330E30EC}.Debug|ARM64.Build.0 = Debug|Any CPU
		{592662DC-A5E6-4129-99DA-9EE4330E30EC}.Debug|x64.ActiveCfg = Debug|Any CPU
		{592662DC-A5E6-4129-99DA-9EE4330E30EC}.Debug|x64.Build.0 = Debug|Any CPU
		{592662DC-A5E6-4129-99DA-9EE4330E30EC}.Release|Any CPU.ActiveCfg = Release|Any CPU
		{592662DC-A5E6-4129-99DA-9EE4330E30EC}.Release|Any CPU.Build.0 = Release|Any CPU
		{592662DC-A5E6-4129-99DA-9EE4330E30EC}.Release|ARM32.ActiveCfg = Release|Any CPU
		{592662DC-A5E6-4129-99DA-9EE4330E30EC}.Release|ARM32.Build.0 = Release|Any CPU
		{592662DC-A5E6-4129-99DA-9EE4330E30EC}.Release|ARM64.ActiveCfg = Release|Any CPU
		{592662DC-A5E6-4129-99DA-9EE4330E30EC}.Release|ARM64.Build.0 = Release|Any CPU
		{592662DC-A5E6-4129-99DA-9EE4330E30EC}.Release|x64.ActiveCfg = Release|Any CPU
		{592662DC-A5E6-4129-99DA-9EE4330E30EC}.Release|x64.Build.0 = Release|Any CPU
		{522E36AB-A697-4E55-A940-AC864A247EE6}.Android|Any CPU.ActiveCfg = Debug|Any CPU
		{522E36AB-A697-4E55-A940-AC864A247EE6}.Android|Any CPU.Build.0 = Debug|Any CPU
		{522E36AB-A697-4E55-A940-AC864A247EE6}.Android|ARM32.ActiveCfg = Debug|Any CPU
		{522E36AB-A697-4E55-A940-AC864A247EE6}.Android|ARM32.Build.0 = Debug|Any CPU
		{522E36AB-A697-4E55-A940-AC864A247EE6}.Android|ARM64.ActiveCfg = Debug|Any CPU
		{522E36AB-A697-4E55-A940-AC864A247EE6}.Android|ARM64.Build.0 = Debug|Any CPU
		{522E36AB-A697-4E55-A940-AC864A247EE6}.Android|x64.ActiveCfg = Debug|Any CPU
		{522E36AB-A697-4E55-A940-AC864A247EE6}.Android|x64.Build.0 = Debug|Any CPU
		{522E36AB-A697-4E55-A940-AC864A247EE6}.Debug|Any CPU.ActiveCfg = Debug|Any CPU
		{522E36AB-A697-4E55-A940-AC864A247EE6}.Debug|Any CPU.Build.0 = Debug|Any CPU
		{522E36AB-A697-4E55-A940-AC864A247EE6}.Debug|ARM32.ActiveCfg = Debug|Any CPU
		{522E36AB-A697-4E55-A940-AC864A247EE6}.Debug|ARM32.Build.0 = Debug|Any CPU
		{522E36AB-A697-4E55-A940-AC864A247EE6}.Debug|ARM64.ActiveCfg = Debug|Any CPU
		{522E36AB-A697-4E55-A940-AC864A247EE6}.Debug|ARM64.Build.0 = Debug|Any CPU
		{522E36AB-A697-4E55-A940-AC864A247EE6}.Debug|x64.ActiveCfg = Debug|Any CPU
		{522E36AB-A697-4E55-A940-AC864A247EE6}.Debug|x64.Build.0 = Debug|Any CPU
		{522E36AB-A697-4E55-A940-AC864A247EE6}.Release|Any CPU.ActiveCfg = Release|Any CPU
		{522E36AB-A697-4E55-A940-AC864A247EE6}.Release|Any CPU.Build.0 = Release|Any CPU
		{522E36AB-A697-4E55-A940-AC864A247EE6}.Release|ARM32.ActiveCfg = Release|Any CPU
		{522E36AB-A697-4E55-A940-AC864A247EE6}.Release|ARM32.Build.0 = Release|Any CPU
		{522E36AB-A697-4E55-A940-AC864A247EE6}.Release|ARM64.ActiveCfg = Release|Any CPU
		{522E36AB-A697-4E55-A940-AC864A247EE6}.Release|ARM64.Build.0 = Release|Any CPU
		{522E36AB-A697-4E55-A940-AC864A247EE6}.Release|x64.ActiveCfg = Release|Any CPU
		{522E36AB-A697-4E55-A940-AC864A247EE6}.Release|x64.Build.0 = Release|Any CPU
		{849CCFDB-7D25-493F-AFBD-EFDB05468DDB}.Android|Any CPU.ActiveCfg = Debug|Any CPU
		{849CCFDB-7D25-493F-AFBD-EFDB05468DDB}.Android|Any CPU.Build.0 = Debug|Any CPU
		{849CCFDB-7D25-493F-AFBD-EFDB05468DDB}.Android|ARM32.ActiveCfg = Debug|Any CPU
		{849CCFDB-7D25-493F-AFBD-EFDB05468DDB}.Android|ARM32.Build.0 = Debug|Any CPU
		{849CCFDB-7D25-493F-AFBD-EFDB05468DDB}.Android|ARM64.ActiveCfg = Debug|Any CPU
		{849CCFDB-7D25-493F-AFBD-EFDB05468DDB}.Android|ARM64.Build.0 = Debug|Any CPU
		{849CCFDB-7D25-493F-AFBD-EFDB05468DDB}.Android|x64.ActiveCfg = Debug|Any CPU
		{849CCFDB-7D25-493F-AFBD-EFDB05468DDB}.Android|x64.Build.0 = Debug|Any CPU
		{849CCFDB-7D25-493F-AFBD-EFDB05468DDB}.Debug|Any CPU.ActiveCfg = Debug|Any CPU
		{849CCFDB-7D25-493F-AFBD-EFDB05468DDB}.Debug|Any CPU.Build.0 = Debug|Any CPU
		{849CCFDB-7D25-493F-AFBD-EFDB05468DDB}.Debug|ARM32.ActiveCfg = Debug|Any CPU
		{849CCFDB-7D25-493F-AFBD-EFDB05468DDB}.Debug|ARM32.Build.0 = Debug|Any CPU
		{849CCFDB-7D25-493F-AFBD-EFDB05468DDB}.Debug|ARM64.ActiveCfg = Debug|Any CPU
		{849CCFDB-7D25-493F-AFBD-EFDB05468DDB}.Debug|ARM64.Build.0 = Debug|Any CPU
		{849CCFDB-7D25-493F-AFBD-EFDB05468DDB}.Debug|x64.ActiveCfg = Debug|Any CPU
		{849CCFDB-7D25-493F-AFBD-EFDB05468DDB}.Debug|x64.Build.0 = Debug|Any CPU
		{849CCFDB-7D25-493F-AFBD-EFDB05468DDB}.Release|Any CPU.ActiveCfg = Release|Any CPU
		{849CCFDB-7D25-493F-AFBD-EFDB05468DDB}.Release|Any CPU.Build.0 = Release|Any CPU
		{849CCFDB-7D25-493F-AFBD-EFDB05468DDB}.Release|ARM32.ActiveCfg = Release|Any CPU
		{849CCFDB-7D25-493F-AFBD-EFDB05468DDB}.Release|ARM32.Build.0 = Release|Any CPU
		{849CCFDB-7D25-493F-AFBD-EFDB05468DDB}.Release|ARM64.ActiveCfg = Release|Any CPU
		{849CCFDB-7D25-493F-AFBD-EFDB05468DDB}.Release|ARM64.Build.0 = Release|Any CPU
		{849CCFDB-7D25-493F-AFBD-EFDB05468DDB}.Release|x64.ActiveCfg = Release|Any CPU
		{849CCFDB-7D25-493F-AFBD-EFDB05468DDB}.Release|x64.Build.0 = Release|Any CPU
		{E02A00AB-4292-4779-91C8-F7DE755AEBAC}.Android|Any CPU.ActiveCfg = Debug|Any CPU
		{E02A00AB-4292-4779-91C8-F7DE755AEBAC}.Android|Any CPU.Build.0 = Debug|Any CPU
		{E02A00AB-4292-4779-91C8-F7DE755AEBAC}.Android|ARM32.ActiveCfg = Debug|Any CPU
		{E02A00AB-4292-4779-91C8-F7DE755AEBAC}.Android|ARM32.Build.0 = Debug|Any CPU
		{E02A00AB-4292-4779-91C8-F7DE755AEBAC}.Android|ARM64.ActiveCfg = Debug|Any CPU
		{E02A00AB-4292-4779-91C8-F7DE755AEBAC}.Android|ARM64.Build.0 = Debug|Any CPU
		{E02A00AB-4292-4779-91C8-F7DE755AEBAC}.Android|x64.ActiveCfg = Debug|Any CPU
		{E02A00AB-4292-4779-91C8-F7DE755AEBAC}.Android|x64.Build.0 = Debug|Any CPU
		{E02A00AB-4292-4779-91C8-F7DE755AEBAC}.Debug|Any CPU.ActiveCfg = Debug|Any CPU
		{E02A00AB-4292-4779-91C8-F7DE755AEBAC}.Debug|Any CPU.Build.0 = Debug|Any CPU
		{E02A00AB-4292-4779-91C8-F7DE755AEBAC}.Debug|ARM32.ActiveCfg = Debug|Any CPU
		{E02A00AB-4292-4779-91C8-F7DE755AEBAC}.Debug|ARM32.Build.0 = Debug|Any CPU
		{E02A00AB-4292-4779-91C8-F7DE755AEBAC}.Debug|ARM64.ActiveCfg = Debug|Any CPU
		{E02A00AB-4292-4779-91C8-F7DE755AEBAC}.Debug|ARM64.Build.0 = Debug|Any CPU
		{E02A00AB-4292-4779-91C8-F7DE755AEBAC}.Debug|x64.ActiveCfg = Debug|Any CPU
		{E02A00AB-4292-4779-91C8-F7DE755AEBAC}.Debug|x64.Build.0 = Debug|Any CPU
		{E02A00AB-4292-4779-91C8-F7DE755AEBAC}.Release|Any CPU.ActiveCfg = Release|Any CPU
		{E02A00AB-4292-4779-91C8-F7DE755AEBAC}.Release|Any CPU.Build.0 = Release|Any CPU
		{E02A00AB-4292-4779-91C8-F7DE755AEBAC}.Release|ARM32.ActiveCfg = Release|Any CPU
		{E02A00AB-4292-4779-91C8-F7DE755AEBAC}.Release|ARM32.Build.0 = Release|Any CPU
		{E02A00AB-4292-4779-91C8-F7DE755AEBAC}.Release|ARM64.ActiveCfg = Release|Any CPU
		{E02A00AB-4292-4779-91C8-F7DE755AEBAC}.Release|ARM64.Build.0 = Release|Any CPU
		{E02A00AB-4292-4779-91C8-F7DE755AEBAC}.Release|x64.ActiveCfg = Release|Any CPU
		{E02A00AB-4292-4779-91C8-F7DE755AEBAC}.Release|x64.Build.0 = Release|Any CPU
		{8DD7DEED-D54A-4801-BBEB-A7B5E00D97E8}.Android|Any CPU.ActiveCfg = Debug|Any CPU
		{8DD7DEED-D54A-4801-BBEB-A7B5E00D97E8}.Android|Any CPU.Build.0 = Debug|Any CPU
		{8DD7DEED-D54A-4801-BBEB-A7B5E00D97E8}.Android|ARM32.ActiveCfg = Debug|Any CPU
		{8DD7DEED-D54A-4801-BBEB-A7B5E00D97E8}.Android|ARM32.Build.0 = Debug|Any CPU
		{8DD7DEED-D54A-4801-BBEB-A7B5E00D97E8}.Android|ARM64.ActiveCfg = Debug|Any CPU
		{8DD7DEED-D54A-4801-BBEB-A7B5E00D97E8}.Android|ARM64.Build.0 = Debug|Any CPU
		{8DD7DEED-D54A-4801-BBEB-A7B5E00D97E8}.Android|x64.ActiveCfg = Debug|Any CPU
		{8DD7DEED-D54A-4801-BBEB-A7B5E00D97E8}.Android|x64.Build.0 = Debug|Any CPU
		{8DD7DEED-D54A-4801-BBEB-A7B5E00D97E8}.Debug|Any CPU.ActiveCfg = Debug|Any CPU
		{8DD7DEED-D54A-4801-BBEB-A7B5E00D97E8}.Debug|Any CPU.Build.0 = Debug|Any CPU
		{8DD7DEED-D54A-4801-BBEB-A7B5E00D97E8}.Debug|ARM32.ActiveCfg = Debug|Any CPU
		{8DD7DEED-D54A-4801-BBEB-A7B5E00D97E8}.Debug|ARM32.Build.0 = Debug|Any CPU
		{8DD7DEED-D54A-4801-BBEB-A7B5E00D97E8}.Debug|ARM64.ActiveCfg = Debug|Any CPU
		{8DD7DEED-D54A-4801-BBEB-A7B5E00D97E8}.Debug|ARM64.Build.0 = Debug|Any CPU
		{8DD7DEED-D54A-4801-BBEB-A7B5E00D97E8}.Debug|x64.ActiveCfg = Debug|Any CPU
		{8DD7DEED-D54A-4801-BBEB-A7B5E00D97E8}.Debug|x64.Build.0 = Debug|Any CPU
		{8DD7DEED-D54A-4801-BBEB-A7B5E00D97E8}.Release|Any CPU.ActiveCfg = Release|Any CPU
		{8DD7DEED-D54A-4801-BBEB-A7B5E00D97E8}.Release|Any CPU.Build.0 = Release|Any CPU
		{8DD7DEED-D54A-4801-BBEB-A7B5E00D97E8}.Release|ARM32.ActiveCfg = Release|Any CPU
		{8DD7DEED-D54A-4801-BBEB-A7B5E00D97E8}.Release|ARM32.Build.0 = Release|Any CPU
		{8DD7DEED-D54A-4801-BBEB-A7B5E00D97E8}.Release|ARM64.ActiveCfg = Release|Any CPU
		{8DD7DEED-D54A-4801-BBEB-A7B5E00D97E8}.Release|ARM64.Build.0 = Release|Any CPU
		{8DD7DEED-D54A-4801-BBEB-A7B5E00D97E8}.Release|x64.ActiveCfg = Release|Any CPU
		{8DD7DEED-D54A-4801-BBEB-A7B5E00D97E8}.Release|x64.Build.0 = Release|Any CPU
		{08527B16-FB08-40A6-8494-D14DAB9538CC}.Android|Any CPU.ActiveCfg = Debug|Any CPU
		{08527B16-FB08-40A6-8494-D14DAB9538CC}.Android|Any CPU.Build.0 = Debug|Any CPU
		{08527B16-FB08-40A6-8494-D14DAB9538CC}.Android|ARM32.ActiveCfg = Debug|Any CPU
		{08527B16-FB08-40A6-8494-D14DAB9538CC}.Android|ARM32.Build.0 = Debug|Any CPU
		{08527B16-FB08-40A6-8494-D14DAB9538CC}.Android|ARM64.ActiveCfg = Debug|Any CPU
		{08527B16-FB08-40A6-8494-D14DAB9538CC}.Android|ARM64.Build.0 = Debug|Any CPU
		{08527B16-FB08-40A6-8494-D14DAB9538CC}.Android|x64.ActiveCfg = Debug|Any CPU
		{08527B16-FB08-40A6-8494-D14DAB9538CC}.Android|x64.Build.0 = Debug|Any CPU
		{08527B16-FB08-40A6-8494-D14DAB9538CC}.Debug|Any CPU.ActiveCfg = Debug|Any CPU
		{08527B16-FB08-40A6-8494-D14DAB9538CC}.Debug|Any CPU.Build.0 = Debug|Any CPU
		{08527B16-FB08-40A6-8494-D14DAB9538CC}.Debug|ARM32.ActiveCfg = Debug|Any CPU
		{08527B16-FB08-40A6-8494-D14DAB9538CC}.Debug|ARM32.Build.0 = Debug|Any CPU
		{08527B16-FB08-40A6-8494-D14DAB9538CC}.Debug|ARM64.ActiveCfg = Debug|Any CPU
		{08527B16-FB08-40A6-8494-D14DAB9538CC}.Debug|ARM64.Build.0 = Debug|Any CPU
		{08527B16-FB08-40A6-8494-D14DAB9538CC}.Debug|x64.ActiveCfg = Debug|Any CPU
		{08527B16-FB08-40A6-8494-D14DAB9538CC}.Debug|x64.Build.0 = Debug|Any CPU
		{08527B16-FB08-40A6-8494-D14DAB9538CC}.Release|Any CPU.ActiveCfg = Release|Any CPU
		{08527B16-FB08-40A6-8494-D14DAB9538CC}.Release|Any CPU.Build.0 = Release|Any CPU
		{08527B16-FB08-40A6-8494-D14DAB9538CC}.Release|ARM32.ActiveCfg = Release|Any CPU
		{08527B16-FB08-40A6-8494-D14DAB9538CC}.Release|ARM32.Build.0 = Release|Any CPU
		{08527B16-FB08-40A6-8494-D14DAB9538CC}.Release|ARM64.ActiveCfg = Release|Any CPU
		{08527B16-FB08-40A6-8494-D14DAB9538CC}.Release|ARM64.Build.0 = Release|Any CPU
		{08527B16-FB08-40A6-8494-D14DAB9538CC}.Release|x64.ActiveCfg = Release|Any CPU
		{08527B16-FB08-40A6-8494-D14DAB9538CC}.Release|x64.Build.0 = Release|Any CPU
		{EB4F9C4A-AF97-4EEF-97DE-582D2B18070B}.Android|Any CPU.ActiveCfg = Debug|Any CPU
		{EB4F9C4A-AF97-4EEF-97DE-582D2B18070B}.Android|Any CPU.Build.0 = Debug|Any CPU
		{EB4F9C4A-AF97-4EEF-97DE-582D2B18070B}.Android|ARM32.ActiveCfg = Debug|Any CPU
		{EB4F9C4A-AF97-4EEF-97DE-582D2B18070B}.Android|ARM32.Build.0 = Debug|Any CPU
		{EB4F9C4A-AF97-4EEF-97DE-582D2B18070B}.Android|ARM64.ActiveCfg = Debug|Any CPU
		{EB4F9C4A-AF97-4EEF-97DE-582D2B18070B}.Android|ARM64.Build.0 = Debug|Any CPU
		{EB4F9C4A-AF97-4EEF-97DE-582D2B18070B}.Android|x64.ActiveCfg = Debug|Any CPU
		{EB4F9C4A-AF97-4EEF-97DE-582D2B18070B}.Android|x64.Build.0 = Debug|Any CPU
		{EB4F9C4A-AF97-4EEF-97DE-582D2B18070B}.Debug|Any CPU.ActiveCfg = Debug|Any CPU
		{EB4F9C4A-AF97-4EEF-97DE-582D2B18070B}.Debug|Any CPU.Build.0 = Debug|Any CPU
		{EB4F9C4A-AF97-4EEF-97DE-582D2B18070B}.Debug|ARM32.ActiveCfg = Debug|Any CPU
		{EB4F9C4A-AF97-4EEF-97DE-582D2B18070B}.Debug|ARM32.Build.0 = Debug|Any CPU
		{EB4F9C4A-AF97-4EEF-97DE-582D2B18070B}.Debug|ARM64.ActiveCfg = Debug|Any CPU
		{EB4F9C4A-AF97-4EEF-97DE-582D2B18070B}.Debug|ARM64.Build.0 = Debug|Any CPU
		{EB4F9C4A-AF97-4EEF-97DE-582D2B18070B}.Debug|x64.ActiveCfg = Debug|Any CPU
		{EB4F9C4A-AF97-4EEF-97DE-582D2B18070B}.Debug|x64.Build.0 = Debug|Any CPU
		{EB4F9C4A-AF97-4EEF-97DE-582D2B18070B}.Release|Any CPU.ActiveCfg = Release|Any CPU
		{EB4F9C4A-AF97-4EEF-97DE-582D2B18070B}.Release|Any CPU.Build.0 = Release|Any CPU
		{EB4F9C4A-AF97-4EEF-97DE-582D2B18070B}.Release|ARM32.ActiveCfg = Release|Any CPU
		{EB4F9C4A-AF97-4EEF-97DE-582D2B18070B}.Release|ARM32.Build.0 = Release|Any CPU
		{EB4F9C4A-AF97-4EEF-97DE-582D2B18070B}.Release|ARM64.ActiveCfg = Release|Any CPU
		{EB4F9C4A-AF97-4EEF-97DE-582D2B18070B}.Release|ARM64.Build.0 = Release|Any CPU
		{EB4F9C4A-AF97-4EEF-97DE-582D2B18070B}.Release|x64.ActiveCfg = Release|Any CPU
		{EB4F9C4A-AF97-4EEF-97DE-582D2B18070B}.Release|x64.Build.0 = Release|Any CPU
		{998BD2E3-CCA9-4380-861E-C61E04BCF2E4}.Android|Any CPU.ActiveCfg = Debug|Any CPU
		{998BD2E3-CCA9-4380-861E-C61E04BCF2E4}.Android|Any CPU.Build.0 = Debug|Any CPU
		{998BD2E3-CCA9-4380-861E-C61E04BCF2E4}.Android|ARM32.ActiveCfg = Debug|Any CPU
		{998BD2E3-CCA9-4380-861E-C61E04BCF2E4}.Android|ARM32.Build.0 = Debug|Any CPU
		{998BD2E3-CCA9-4380-861E-C61E04BCF2E4}.Android|ARM64.ActiveCfg = Debug|Any CPU
		{998BD2E3-CCA9-4380-861E-C61E04BCF2E4}.Android|ARM64.Build.0 = Debug|Any CPU
		{998BD2E3-CCA9-4380-861E-C61E04BCF2E4}.Android|x64.ActiveCfg = Debug|Any CPU
		{998BD2E3-CCA9-4380-861E-C61E04BCF2E4}.Android|x64.Build.0 = Debug|Any CPU
		{998BD2E3-CCA9-4380-861E-C61E04BCF2E4}.Debug|Any CPU.ActiveCfg = Debug|Any CPU
		{998BD2E3-CCA9-4380-861E-C61E04BCF2E4}.Debug|Any CPU.Build.0 = Debug|Any CPU
		{998BD2E3-CCA9-4380-861E-C61E04BCF2E4}.Debug|ARM32.ActiveCfg = Debug|Any CPU
		{998BD2E3-CCA9-4380-861E-C61E04BCF2E4}.Debug|ARM32.Build.0 = Debug|Any CPU
		{998BD2E3-CCA9-4380-861E-C61E04BCF2E4}.Debug|ARM64.ActiveCfg = Debug|Any CPU
		{998BD2E3-CCA9-4380-861E-C61E04BCF2E4}.Debug|ARM64.Build.0 = Debug|Any CPU
		{998BD2E3-CCA9-4380-861E-C61E04BCF2E4}.Debug|x64.ActiveCfg = Debug|Any CPU
		{998BD2E3-CCA9-4380-861E-C61E04BCF2E4}.Debug|x64.Build.0 = Debug|Any CPU
		{998BD2E3-CCA9-4380-861E-C61E04BCF2E4}.Release|Any CPU.ActiveCfg = Release|Any CPU
		{998BD2E3-CCA9-4380-861E-C61E04BCF2E4}.Release|Any CPU.Build.0 = Release|Any CPU
		{998BD2E3-CCA9-4380-861E-C61E04BCF2E4}.Release|ARM32.ActiveCfg = Release|Any CPU
		{998BD2E3-CCA9-4380-861E-C61E04BCF2E4}.Release|ARM32.Build.0 = Release|Any CPU
		{998BD2E3-CCA9-4380-861E-C61E04BCF2E4}.Release|ARM64.ActiveCfg = Release|Any CPU
		{998BD2E3-CCA9-4380-861E-C61E04BCF2E4}.Release|ARM64.Build.0 = Release|Any CPU
		{998BD2E3-CCA9-4380-861E-C61E04BCF2E4}.Release|x64.ActiveCfg = Release|Any CPU
		{998BD2E3-CCA9-4380-861E-C61E04BCF2E4}.Release|x64.Build.0 = Release|Any CPU
		{767AC9F8-C44A-40AC-A964-54298345E2B7}.Android|Any CPU.ActiveCfg = Debug|Any CPU
		{767AC9F8-C44A-40AC-A964-54298345E2B7}.Android|Any CPU.Build.0 = Debug|Any CPU
		{767AC9F8-C44A-40AC-A964-54298345E2B7}.Android|ARM32.ActiveCfg = Debug|Any CPU
		{767AC9F8-C44A-40AC-A964-54298345E2B7}.Android|ARM32.Build.0 = Debug|Any CPU
		{767AC9F8-C44A-40AC-A964-54298345E2B7}.Android|ARM64.ActiveCfg = Debug|Any CPU
		{767AC9F8-C44A-40AC-A964-54298345E2B7}.Android|ARM64.Build.0 = Debug|Any CPU
		{767AC9F8-C44A-40AC-A964-54298345E2B7}.Android|x64.ActiveCfg = Debug|Any CPU
		{767AC9F8-C44A-40AC-A964-54298345E2B7}.Android|x64.Build.0 = Debug|Any CPU
		{767AC9F8-C44A-40AC-A964-54298345E2B7}.Debug|Any CPU.ActiveCfg = Debug|Any CPU
		{767AC9F8-C44A-40AC-A964-54298345E2B7}.Debug|Any CPU.Build.0 = Debug|Any CPU
		{767AC9F8-C44A-40AC-A964-54298345E2B7}.Debug|ARM32.ActiveCfg = Debug|Any CPU
		{767AC9F8-C44A-40AC-A964-54298345E2B7}.Debug|ARM32.Build.0 = Debug|Any CPU
		{767AC9F8-C44A-40AC-A964-54298345E2B7}.Debug|ARM64.ActiveCfg = Debug|Any CPU
		{767AC9F8-C44A-40AC-A964-54298345E2B7}.Debug|ARM64.Build.0 = Debug|Any CPU
		{767AC9F8-C44A-40AC-A964-54298345E2B7}.Debug|x64.ActiveCfg = Debug|Any CPU
		{767AC9F8-C44A-40AC-A964-54298345E2B7}.Debug|x64.Build.0 = Debug|Any CPU
		{767AC9F8-C44A-40AC-A964-54298345E2B7}.Release|Any CPU.ActiveCfg = Release|Any CPU
		{767AC9F8-C44A-40AC-A964-54298345E2B7}.Release|Any CPU.Build.0 = Release|Any CPU
		{767AC9F8-C44A-40AC-A964-54298345E2B7}.Release|ARM32.ActiveCfg = Release|Any CPU
		{767AC9F8-C44A-40AC-A964-54298345E2B7}.Release|ARM32.Build.0 = Release|Any CPU
		{767AC9F8-C44A-40AC-A964-54298345E2B7}.Release|ARM64.ActiveCfg = Release|Any CPU
		{767AC9F8-C44A-40AC-A964-54298345E2B7}.Release|ARM64.Build.0 = Release|Any CPU
		{767AC9F8-C44A-40AC-A964-54298345E2B7}.Release|x64.ActiveCfg = Release|Any CPU
		{767AC9F8-C44A-40AC-A964-54298345E2B7}.Release|x64.Build.0 = Release|Any CPU
		{A943608E-0B11-474A-85A4-27A560C98B6B}.Android|Any CPU.ActiveCfg = Debug|Any CPU
		{A943608E-0B11-474A-85A4-27A560C98B6B}.Android|Any CPU.Build.0 = Debug|Any CPU
		{A943608E-0B11-474A-85A4-27A560C98B6B}.Android|ARM32.ActiveCfg = Debug|Any CPU
		{A943608E-0B11-474A-85A4-27A560C98B6B}.Android|ARM32.Build.0 = Debug|Any CPU
		{A943608E-0B11-474A-85A4-27A560C98B6B}.Android|ARM64.ActiveCfg = Debug|Any CPU
		{A943608E-0B11-474A-85A4-27A560C98B6B}.Android|ARM64.Build.0 = Debug|Any CPU
		{A943608E-0B11-474A-85A4-27A560C98B6B}.Android|x64.ActiveCfg = Debug|Any CPU
		{A943608E-0B11-474A-85A4-27A560C98B6B}.Android|x64.Build.0 = Debug|Any CPU
		{A943608E-0B11-474A-85A4-27A560C98B6B}.Debug|Any CPU.ActiveCfg = Debug|Any CPU
		{A943608E-0B11-474A-85A4-27A560C98B6B}.Debug|Any CPU.Build.0 = Debug|Any CPU
		{A943608E-0B11-474A-85A4-27A560C98B6B}.Debug|ARM32.ActiveCfg = Debug|Any CPU
		{A943608E-0B11-474A-85A4-27A560C98B6B}.Debug|ARM32.Build.0 = Debug|Any CPU
		{A943608E-0B11-474A-85A4-27A560C98B6B}.Debug|ARM64.ActiveCfg = Debug|Any CPU
		{A943608E-0B11-474A-85A4-27A560C98B6B}.Debug|ARM64.Build.0 = Debug|Any CPU
		{A943608E-0B11-474A-85A4-27A560C98B6B}.Debug|x64.ActiveCfg = Debug|Any CPU
		{A943608E-0B11-474A-85A4-27A560C98B6B}.Debug|x64.Build.0 = Debug|Any CPU
		{A943608E-0B11-474A-85A4-27A560C98B6B}.Release|Any CPU.ActiveCfg = Release|Any CPU
		{A943608E-0B11-474A-85A4-27A560C98B6B}.Release|Any CPU.Build.0 = Release|Any CPU
		{A943608E-0B11-474A-85A4-27A560C98B6B}.Release|ARM32.ActiveCfg = Release|Any CPU
		{A943608E-0B11-474A-85A4-27A560C98B6B}.Release|ARM32.Build.0 = Release|Any CPU
		{A943608E-0B11-474A-85A4-27A560C98B6B}.Release|ARM64.ActiveCfg = Release|Any CPU
		{A943608E-0B11-474A-85A4-27A560C98B6B}.Release|ARM64.Build.0 = Release|Any CPU
		{A943608E-0B11-474A-85A4-27A560C98B6B}.Release|x64.ActiveCfg = Release|Any CPU
		{A943608E-0B11-474A-85A4-27A560C98B6B}.Release|x64.Build.0 = Release|Any CPU
		{5AB3ADBF-EEFF-40B8-BDDB-719E9453A2FF}.Android|Any CPU.ActiveCfg = Debug|Any CPU
		{5AB3ADBF-EEFF-40B8-BDDB-719E9453A2FF}.Android|Any CPU.Build.0 = Debug|Any CPU
		{5AB3ADBF-EEFF-40B8-BDDB-719E9453A2FF}.Android|ARM32.ActiveCfg = Debug|Any CPU
		{5AB3ADBF-EEFF-40B8-BDDB-719E9453A2FF}.Android|ARM32.Build.0 = Debug|Any CPU
		{5AB3ADBF-EEFF-40B8-BDDB-719E9453A2FF}.Android|ARM64.ActiveCfg = Debug|Any CPU
		{5AB3ADBF-EEFF-40B8-BDDB-719E9453A2FF}.Android|ARM64.Build.0 = Debug|Any CPU
		{5AB3ADBF-EEFF-40B8-BDDB-719E9453A2FF}.Android|x64.ActiveCfg = Debug|Any CPU
		{5AB3ADBF-EEFF-40B8-BDDB-719E9453A2FF}.Android|x64.Build.0 = Debug|Any CPU
		{5AB3ADBF-EEFF-40B8-BDDB-719E9453A2FF}.Debug|Any CPU.ActiveCfg = Debug|Any CPU
		{5AB3ADBF-EEFF-40B8-BDDB-719E9453A2FF}.Debug|Any CPU.Build.0 = Debug|Any CPU
		{5AB3ADBF-EEFF-40B8-BDDB-719E9453A2FF}.Debug|ARM32.ActiveCfg = Debug|Any CPU
		{5AB3ADBF-EEFF-40B8-BDDB-719E9453A2FF}.Debug|ARM32.Build.0 = Debug|Any CPU
		{5AB3ADBF-EEFF-40B8-BDDB-719E9453A2FF}.Debug|ARM64.ActiveCfg = Debug|Any CPU
		{5AB3ADBF-EEFF-40B8-BDDB-719E9453A2FF}.Debug|ARM64.Build.0 = Debug|Any CPU
		{5AB3ADBF-EEFF-40B8-BDDB-719E9453A2FF}.Debug|x64.ActiveCfg = Debug|Any CPU
		{5AB3ADBF-EEFF-40B8-BDDB-719E9453A2FF}.Debug|x64.Build.0 = Debug|Any CPU
		{5AB3ADBF-EEFF-40B8-BDDB-719E9453A2FF}.Release|Any CPU.ActiveCfg = Release|Any CPU
		{5AB3ADBF-EEFF-40B8-BDDB-719E9453A2FF}.Release|Any CPU.Build.0 = Release|Any CPU
		{5AB3ADBF-EEFF-40B8-BDDB-719E9453A2FF}.Release|ARM32.ActiveCfg = Release|Any CPU
		{5AB3ADBF-EEFF-40B8-BDDB-719E9453A2FF}.Release|ARM32.Build.0 = Release|Any CPU
		{5AB3ADBF-EEFF-40B8-BDDB-719E9453A2FF}.Release|ARM64.ActiveCfg = Release|Any CPU
		{5AB3ADBF-EEFF-40B8-BDDB-719E9453A2FF}.Release|ARM64.Build.0 = Release|Any CPU
		{5AB3ADBF-EEFF-40B8-BDDB-719E9453A2FF}.Release|x64.ActiveCfg = Release|Any CPU
		{5AB3ADBF-EEFF-40B8-BDDB-719E9453A2FF}.Release|x64.Build.0 = Release|Any CPU
	EndGlobalSection
	GlobalSection(SolutionProperties) = preSolution
		HideSolutionNode = FALSE
	EndGlobalSection
	GlobalSection(NestedProjects) = preSolution
		{C2596903-76A3-4328-8BF4-410C93639EBD} = {88D70326-FD7B-4F90-8CDE-D99B7819AF7E}
		{F8C16D83-DB1C-4C93-A4B4-3401E5595C6C} = {88D70326-FD7B-4F90-8CDE-D99B7819AF7E}
		{1491AE9A-3DEE-44E5-8AC0-779C6C1896D9} = {437E5E03-ADAC-47B2-BF25-11029F6A8146}
		{B7098D07-24C4-4084-8FD2-DB174B710272} = {1CB7D782-6AEB-40A5-8918-1F0D91EB12D9}
		{0F4DC558-17E2-4BD8-AA22-BE1FB6D8EA56} = {437E5E03-ADAC-47B2-BF25-11029F6A8146}
		{54B93A3A-15AD-4DE7-8861-A16ACCD08F4A} = {88D70326-FD7B-4F90-8CDE-D99B7819AF7E}
		{79D63898-542C-4690-A54A-ABADB3547114} = {1CB7D782-6AEB-40A5-8918-1F0D91EB12D9}
		{65A156C3-EE59-47D8-89A3-CAE035688FC5} = {88D70326-FD7B-4F90-8CDE-D99B7819AF7E}
		{AAEACE12-569F-419E-87C7-11BB67C5A001} = {88D70326-FD7B-4F90-8CDE-D99B7819AF7E}
		{592662DC-A5E6-4129-99DA-9EE4330E30EC} = {333B3D03-CBEF-4445-BC36-E283BA6DCE10}
		{522E36AB-A697-4E55-A940-AC864A247EE6} = {333B3D03-CBEF-4445-BC36-E283BA6DCE10}
		{849CCFDB-7D25-493F-AFBD-EFDB05468DDB} = {333B3D03-CBEF-4445-BC36-E283BA6DCE10}
		{E02A00AB-4292-4779-91C8-F7DE755AEBAC} = {333B3D03-CBEF-4445-BC36-E283BA6DCE10}
		{8DD7DEED-D54A-4801-BBEB-A7B5E00D97E8} = {333B3D03-CBEF-4445-BC36-E283BA6DCE10}
		{08527B16-FB08-40A6-8494-D14DAB9538CC} = {333B3D03-CBEF-4445-BC36-E283BA6DCE10}
		{EB4F9C4A-AF97-4EEF-97DE-582D2B18070B} = {333B3D03-CBEF-4445-BC36-E283BA6DCE10}
		{998BD2E3-CCA9-4380-861E-C61E04BCF2E4} = {333B3D03-CBEF-4445-BC36-E283BA6DCE10}
		{767AC9F8-C44A-40AC-A964-54298345E2B7} = {333B3D03-CBEF-4445-BC36-E283BA6DCE10}
		{A943608E-0B11-474A-85A4-27A560C98B6B} = {88D70326-FD7B-4F90-8CDE-D99B7819AF7E}
		{5AB3ADBF-EEFF-40B8-BDDB-719E9453A2FF} = {437E5E03-ADAC-47B2-BF25-11029F6A8146}
	EndGlobalSection
	GlobalSection(ExtensibilityGlobals) = postSolution
		SolutionGuid = {61F7FB11-1E47-470C-91E2-47F8143E1572}
	EndGlobalSection
EndGlobal
